
Microsoft Visual Studio Solution File, Format Version 12.00
# Visual Studio Version 17
VisualStudioVersion = 17.9.34701.34
MinimumVisualStudioVersion = 10.0.40219.1
Project("{9A19103F-16F7-4668-BE54-9A1E7A4F7556}") = "ReBuzz", "ReBuzz\ReBuzz.csproj", "{B30010DA-2DAE-4AB7-B261-A2F64209BA6E}"
EndProject
Project("{2150E333-8FDC-42A3-9474-1A3956D46DE8}") = "Solution Items", "Solution Items", "{2CF6E4C7-E0B4-448A-A3C7-8FA04785E73B}"
	ProjectSection(SolutionItems) = preProject
		.editorconfig = .editorconfig
	EndProjectSection
EndProject
Project("{FAE04EC0-301F-11D3-BF4B-00C04F79EFBC}") = "ReBuzzTests", "ReBuzzTests\ReBuzzTests.csproj", "{C28A37C9-F55F-4EB3-8326-C2546EEACDC9}"
EndProject
Global
	GlobalSection(SolutionConfigurationPlatforms) = preSolution
		Debug|Any CPU = Debug|Any CPU
		Debug|x64 = Debug|x64
		Release|Any CPU = Release|Any CPU
		Release|x64 = Release|x64
	EndGlobalSection
	GlobalSection(ProjectConfigurationPlatforms) = postSolution
		{B30010DA-2DAE-4AB7-B261-A2F64209BA6E}.Debug|Any CPU.ActiveCfg = Debug|Any CPU
		{B30010DA-2DAE-4AB7-B261-A2F64209BA6E}.Debug|Any CPU.Build.0 = Debug|Any CPU
		{B30010DA-2DAE-4AB7-B261-A2F64209BA6E}.Debug|x64.ActiveCfg = Debug|x64
		{B30010DA-2DAE-4AB7-B261-A2F64209BA6E}.Debug|x64.Build.0 = Debug|x64
		{B30010DA-2DAE-4AB7-B261-A2F64209BA6E}.Release|Any CPU.ActiveCfg = Release|Any CPU
		{B30010DA-2DAE-4AB7-B261-A2F64209BA6E}.Release|Any CPU.Build.0 = Release|Any CPU
		{B30010DA-2DAE-4AB7-B261-A2F64209BA6E}.Release|x64.ActiveCfg = Release|x64
		{B30010DA-2DAE-4AB7-B261-A2F64209BA6E}.Release|x64.Build.0 = Release|x64
		{C28A37C9-F55F-4EB3-8326-C2546EEACDC9}.Debug|Any CPU.ActiveCfg = Debug|Any CPU
		{C28A37C9-F55F-4EB3-8326-C2546EEACDC9}.Debug|Any CPU.Build.0 = Debug|Any CPU
		{C28A37C9-F55F-4EB3-8326-C2546EEACDC9}.Debug|x64.ActiveCfg = Debug|Any CPU
		{C28A37C9-F55F-4EB3-8326-C2546EEACDC9}.Debug|x64.Build.0 = Debug|Any CPU
		{C28A37C9-F55F-4EB3-8326-C2546EEACDC9}.Release|Any CPU.ActiveCfg = Release|Any CPU
		{C28A37C9-F55F-4EB3-8326-C2546EEACDC9}.Release|Any CPU.Build.0 = Release|Any CPU
		{C28A37C9-F55F-4EB3-8326-C2546EEACDC9}.Release|x64.ActiveCfg = Release|Any CPU
		{C28A37C9-F55F-4EB3-8326-C2546EEACDC9}.Release|x64.Build.0 = Release|Any CPU
	EndGlobalSection
	GlobalSection(SolutionProperties) = preSolution
		HideSolutionNode = FALSE
	EndGlobalSection
	GlobalSection(ExtensibilityGlobals) = postSolution
		SolutionGuid = {A1E0287A-2CF1-4075-82E6-66EF95D320F5}
	EndGlobalSection
EndGlobal
