
Microsoft Visual Studio Solution File, Format Version 12.00
# Visual Studio Version 17
VisualStudioVersion = 17.9.34701.34
MinimumVisualStudioVersion = 10.0.40219.1
Project("{9A19103F-16F7-4668-BE54-9A1E7A4F7556}") = "ReBuzz", "ReBuzz\ReBuzz.csproj", "{B30010DA-2DAE-4AB7-B261-A2F64209BA6E}"
	ProjectSection(ProjectDependencies) = postProject
		{7311D651-7877-4421-A50F-681DF2489746} = {7311D651-7877-4421-A50F-681DF2489746}
		{7EEEFCBC-CEEE-4440-BB81-8470C7B4EF79} = {7EEEFCBC-CEEE-4440-BB81-8470C7B4EF79}
		{CA57C534-7594-40A0-A2F3-39836525724C} = {CA57C534-7594-40A0-A2F3-39836525724C}
		{E4C36995-2B46-4E67-9E2F-7F4AFF38DDEA} = {E4C36995-2B46-4E67-9E2F-7F4AFF38DDEA}
	EndProjectSection
EndProject
Project("{2150E333-8FDC-42A3-9474-1A3956D46DE8}") = "ReBuzz.GUI", "ReBuzz.GUI", "{3BFBF384-19E9-4B73-B9C2-27D8730629FA}"
EndProject
Project("{FAE04EC0-301F-11D3-BF4B-00C04F79EFBC}") = "BuzzGUI.Interfaces", "..\ReBuzzGUI\BuzzGUI.Interfaces\BuzzGUI.Interfaces.csproj", "{233274AF-744B-48DC-A278-77D3B7887BA1}"
EndProject
Project("{FAE04EC0-301F-11D3-BF4B-00C04F79EFBC}") = "BuzzGUI.Common", "..\ReBuzzGUI\BuzzGUI.Common\BuzzGUI.Common.csproj", "{3F2DBEA0-C90F-4AAD-A135-77D7436422EA}"
EndProject
Project("{FAE04EC0-301F-11D3-BF4B-00C04F79EFBC}") = "BuzzGUI.BuzzUpdate", "..\ReBuzzGUI\BuzzGUI.BuzzUpdate\BuzzGUI.BuzzUpdate.csproj", "{8682A511-26EF-4248-8344-BCE3A7A811E6}"
EndProject
Project("{FAE04EC0-301F-11D3-BF4B-00C04F79EFBC}") = "BuzzGUI.MachineView", "..\ReBuzzGUI\BuzzGUI.MachineView\BuzzGUI.MachineView.csproj", "{CA8D5693-7E74-47B6-B7C0-5AC741C934DD}"
EndProject
Project("{FAE04EC0-301F-11D3-BF4B-00C04F79EFBC}") = "BuzzGUI.ParameterWindow", "..\ReBuzzGUI\BuzzGUI.ParameterWindow\BuzzGUI.ParameterWindow.csproj", "{8B7B74DE-3F79-4CBC-9DDC-63534B39D605}"
EndProject
Project("{FAE04EC0-301F-11D3-BF4B-00C04F79EFBC}") = "BuzzGUI.PianoKeyboard", "..\ReBuzzGUI\BuzzGUI.PianoKeyboard\BuzzGUI.PianoKeyboard.csproj", "{3333F4B9-5C1B-4587-BD60-D14363C03964}"
EndProject
Project("{FAE04EC0-301F-11D3-BF4B-00C04F79EFBC}") = "BuzzGUI.SequenceEditorExtended Rebuzz", "..\ReBuzzGUI\BuzzGUI.SequenceEditorExtended Rebuzz\BuzzGUI.SequenceEditorExtended Rebuzz.csproj", "{9730CE51-11F2-4F9B-ABB3-0B73B934607A}"
EndProject
Project("{FAE04EC0-301F-11D3-BF4B-00C04F79EFBC}") = "BuzzGUI.ToolBar", "..\ReBuzzGUI\BuzzGUI.ToolBar\BuzzGUI.ToolBar.csproj", "{4CDDCAF3-258C-40F4-A637-A06FFA7B711B}"
EndProject
Project("{FAE04EC0-301F-11D3-BF4B-00C04F79EFBC}") = "BuzzGUI.WaveformControl", "..\ReBuzzGUI\BuzzGUI.WaveformControl\BuzzGUI.WaveformControl.csproj", "{299CFB6C-779A-4AF5-AAAD-0EFE51D294B5}"
	ProjectSection(ProjectDependencies) = postProject
		{E4C36995-2B46-4E67-9E2F-7F4AFF38DDEA} = {E4C36995-2B46-4E67-9E2F-7F4AFF38DDEA}
	EndProjectSection
EndProject
Project("{FAE04EC0-301F-11D3-BF4B-00C04F79EFBC}") = "BuzzGUI.WavetableView", "..\ReBuzzGUI\BuzzGUI.WavetableView\BuzzGUI.WavetableView.csproj", "{ACAB4E63-70C1-4524-B141-4536C70B7313}"
EndProject
Project("{2150E333-8FDC-42A3-9474-1A3956D46DE8}") = "Pattern Editors", "Pattern Editors", "{97978484-47E6-4E4A-8A24-A17A122B3F77}"
EndProject
Project("{2150E333-8FDC-42A3-9474-1A3956D46DE8}") = "3rd Party", "3rd Party", "{EEAC2DA9-3F62-4A49-8FFC-51168272601F}"
EndProject
Project("{FAE04EC0-301F-11D3-BF4B-00C04F79EFBC}") = "serilog", "..\ReBuzz3rdParty\serilog\serilog.csproj", "{A83FC497-84F3-4DE5-B04B-1BD3DEB4AB65}"
EndProject
Project("{FAE04EC0-301F-11D3-BF4B-00C04F79EFBC}") = "Serilog.Sinks.RichTextBox.Wpf", "..\ReBuzz3rdParty\serilog\Serilog.Sinks.RichTextBox.Wpf.csproj", "{A6EECE47-91EA-479E-8F11-A3F3E6CA459E}"
EndProject
Project("{FAE04EC0-301F-11D3-BF4B-00C04F79EFBC}") = "ModernPatternEditor.NET", "..\ModernPatternEditor\ModernPatternEditor.NET\ModernPatternEditor.NET.csproj", "{601F4F58-1299-4D95-8A6F-C3670B273EA1}"
EndProject
Project("{FAE04EC0-301F-11D3-BF4B-00C04F79EFBC}") = "ModernSequenceEditor.Interfaces", "..\ReBuzzGUI\ModernSequenceEditor.Interfaces\ModernSequenceEditor.Interfaces.csproj", "{B6541260-F5CE-4FEA-84C5-3CAD98814F91}"
EndProject
Project("{FAE04EC0-301F-11D3-BF4B-00C04F79EFBC}") = "ModernSequenceEditorHorizontal", "..\ReBuzzGUI\ModernSequenceEditorHorizontal\ModernSequenceEditorHorizontal.csproj", "{AE86CEDA-A97A-422B-968C-74E4F81CF3D5}"
EndProject
Project("{FAE04EC0-301F-11D3-BF4B-00C04F79EFBC}") = "BuzzGUI.FileBrowser", "..\ReBuzzGUI\BuzzGUI.FileBrowser\BuzzGUI.FileBrowser.csproj", "{86139F2C-2FB9-4556-AF32-09743284731A}"
EndProject
Project("{FAE04EC0-301F-11D3-BF4B-00C04F79EFBC}") = "BuzzGUI.EnvelopeControl", "..\ReBuzzGUI\BuzzGUI.EnvelopeControl\BuzzGUI.EnvelopeControl.csproj", "{926D3468-E4FB-4647-9B01-360438C0493E}"
EndProject
Project("{FAE04EC0-301F-11D3-BF4B-00C04F79EFBC}") = "ModernSequenceEditor", "..\ReBuzzGUI\ModernSequenceEditor\ModernSequenceEditor.csproj", "{D0E9D9D6-B05C-4330-A8B2-AC2FC3620A66}"
EndProject
Project("{FAE04EC0-301F-11D3-BF4B-00C04F79EFBC}") = "7zip", "..\ReBuzz3rdParty\7Zip\7zip.csproj", "{4B01F1FA-1AC3-4E2B-8D6F-9BB666EFCA9E}"
EndProject
Project("{2150E333-8FDC-42A3-9474-1A3956D46DE8}") = "ReBuzz Engine", "ReBuzz Engine", "{4F43E805-E801-4FB0-8F27-F7DC82027110}"
EndProject
Project("{8BC9CEB8-8B4A-11D0-8D11-00A0C91BC942}") = "ReBuzzEngine", "..\ReBuzzEngine\rebe\ReBuzzEngine.vcxproj", "{7EEEFCBC-CEEE-4440-BB81-8470C7B4EF79}"
EndProject
Project("{8BC9CEB8-8B4A-11D0-8D11-00A0C91BC942}") = "r8b", "..\ReBuzz3rdParty\r8b\r8b.vcxproj", "{E4C36995-2B46-4E67-9E2F-7F4AFF38DDEA}"
EndProject
Project("{8BC9CEB8-8B4A-11D0-8D11-00A0C91BC942}") = "ReBuzzEngine32", "..\ReBuzzEngine\ReBuzzEngine32\ReBuzzEngine32.vcxproj", "{CA57C534-7594-40A0-A2F3-39836525724C}"
EndProject
Project("{8BC9CEB8-8B4A-11D0-8D11-00A0C91BC942}") = "RuntimeFiles", "..\ReBuzzRunTime\RuntimeFiles.vcxproj", "{7311D651-7877-4421-A50F-681DF2489746}"
EndProject
Global
	GlobalSection(SolutionConfigurationPlatforms) = preSolution
		Debug|Any CPU = Debug|Any CPU
		Debug|x64 = Debug|x64
		Debug|x86 = Debug|x86
		Release|Any CPU = Release|Any CPU
		Release|x64 = Release|x64
		Release|x86 = Release|x86
	EndGlobalSection
	GlobalSection(ProjectConfigurationPlatforms) = postSolution
		{B30010DA-2DAE-4AB7-B261-A2F64209BA6E}.Debug|Any CPU.ActiveCfg = Debug|Any CPU
		{B30010DA-2DAE-4AB7-B261-A2F64209BA6E}.Debug|Any CPU.Build.0 = Debug|Any CPU
		{B30010DA-2DAE-4AB7-B261-A2F64209BA6E}.Debug|x64.ActiveCfg = Debug|x64
		{B30010DA-2DAE-4AB7-B261-A2F64209BA6E}.Debug|x64.Build.0 = Debug|x64
		{B30010DA-2DAE-4AB7-B261-A2F64209BA6E}.Debug|x86.ActiveCfg = Debug|Any CPU
		{B30010DA-2DAE-4AB7-B261-A2F64209BA6E}.Debug|x86.Build.0 = Debug|Any CPU
		{B30010DA-2DAE-4AB7-B261-A2F64209BA6E}.Release|Any CPU.ActiveCfg = Release|Any CPU
		{B30010DA-2DAE-4AB7-B261-A2F64209BA6E}.Release|Any CPU.Build.0 = Release|Any CPU
		{B30010DA-2DAE-4AB7-B261-A2F64209BA6E}.Release|x64.ActiveCfg = Release|x64
		{B30010DA-2DAE-4AB7-B261-A2F64209BA6E}.Release|x64.Build.0 = Release|x64
		{B30010DA-2DAE-4AB7-B261-A2F64209BA6E}.Release|x86.ActiveCfg = Release|Any CPU
		{B30010DA-2DAE-4AB7-B261-A2F64209BA6E}.Release|x86.Build.0 = Release|Any CPU
		{233274AF-744B-48DC-A278-77D3B7887BA1}.Debug|Any CPU.ActiveCfg = Debug|Any CPU
		{233274AF-744B-48DC-A278-77D3B7887BA1}.Debug|Any CPU.Build.0 = Debug|Any CPU
		{233274AF-744B-48DC-A278-77D3B7887BA1}.Debug|x64.ActiveCfg = Debug|x64
		{233274AF-744B-48DC-A278-77D3B7887BA1}.Debug|x64.Build.0 = Debug|x64
		{233274AF-744B-48DC-A278-77D3B7887BA1}.Debug|x86.ActiveCfg = Debug|Any CPU
		{233274AF-744B-48DC-A278-77D3B7887BA1}.Debug|x86.Build.0 = Debug|Any CPU
		{233274AF-744B-48DC-A278-77D3B7887BA1}.Release|Any CPU.ActiveCfg = Release|Any CPU
		{233274AF-744B-48DC-A278-77D3B7887BA1}.Release|Any CPU.Build.0 = Release|Any CPU
		{233274AF-744B-48DC-A278-77D3B7887BA1}.Release|x64.ActiveCfg = Release|x64
		{233274AF-744B-48DC-A278-77D3B7887BA1}.Release|x64.Build.0 = Release|x64
		{233274AF-744B-48DC-A278-77D3B7887BA1}.Release|x86.ActiveCfg = Release|Any CPU
		{233274AF-744B-48DC-A278-77D3B7887BA1}.Release|x86.Build.0 = Release|Any CPU
		{3F2DBEA0-C90F-4AAD-A135-77D7436422EA}.Debug|Any CPU.ActiveCfg = Debug|Any CPU
		{3F2DBEA0-C90F-4AAD-A135-77D7436422EA}.Debug|Any CPU.Build.0 = Debug|Any CPU
		{3F2DBEA0-C90F-4AAD-A135-77D7436422EA}.Debug|x64.ActiveCfg = Debug|x64
		{3F2DBEA0-C90F-4AAD-A135-77D7436422EA}.Debug|x64.Build.0 = Debug|x64
		{3F2DBEA0-C90F-4AAD-A135-77D7436422EA}.Debug|x86.ActiveCfg = Debug|Any CPU
		{3F2DBEA0-C90F-4AAD-A135-77D7436422EA}.Debug|x86.Build.0 = Debug|Any CPU
		{3F2DBEA0-C90F-4AAD-A135-77D7436422EA}.Release|Any CPU.ActiveCfg = Release|Any CPU
		{3F2DBEA0-C90F-4AAD-A135-77D7436422EA}.Release|Any CPU.Build.0 = Release|Any CPU
		{3F2DBEA0-C90F-4AAD-A135-77D7436422EA}.Release|x64.ActiveCfg = Release|x64
		{3F2DBEA0-C90F-4AAD-A135-77D7436422EA}.Release|x64.Build.0 = Release|x64
		{3F2DBEA0-C90F-4AAD-A135-77D7436422EA}.Release|x86.ActiveCfg = Release|Any CPU
		{3F2DBEA0-C90F-4AAD-A135-77D7436422EA}.Release|x86.Build.0 = Release|Any CPU
		{8682A511-26EF-4248-8344-BCE3A7A811E6}.Debug|Any CPU.ActiveCfg = Debug|Any CPU
		{8682A511-26EF-4248-8344-BCE3A7A811E6}.Debug|Any CPU.Build.0 = Debug|Any CPU
		{8682A511-26EF-4248-8344-BCE3A7A811E6}.Debug|x64.ActiveCfg = Debug|x64
		{8682A511-26EF-4248-8344-BCE3A7A811E6}.Debug|x64.Build.0 = Debug|x64
		{8682A511-26EF-4248-8344-BCE3A7A811E6}.Debug|x86.ActiveCfg = Debug|Any CPU
		{8682A511-26EF-4248-8344-BCE3A7A811E6}.Debug|x86.Build.0 = Debug|Any CPU
		{8682A511-26EF-4248-8344-BCE3A7A811E6}.Release|Any CPU.ActiveCfg = Release|Any CPU
		{8682A511-26EF-4248-8344-BCE3A7A811E6}.Release|Any CPU.Build.0 = Release|Any CPU
		{8682A511-26EF-4248-8344-BCE3A7A811E6}.Release|x64.ActiveCfg = Release|x64
		{8682A511-26EF-4248-8344-BCE3A7A811E6}.Release|x64.Build.0 = Release|x64
		{8682A511-26EF-4248-8344-BCE3A7A811E6}.Release|x86.ActiveCfg = Release|Any CPU
		{8682A511-26EF-4248-8344-BCE3A7A811E6}.Release|x86.Build.0 = Release|Any CPU
		{CA8D5693-7E74-47B6-B7C0-5AC741C934DD}.Debug|Any CPU.ActiveCfg = Debug|Any CPU
		{CA8D5693-7E74-47B6-B7C0-5AC741C934DD}.Debug|Any CPU.Build.0 = Debug|Any CPU
		{CA8D5693-7E74-47B6-B7C0-5AC741C934DD}.Debug|x64.ActiveCfg = Debug|x64
		{CA8D5693-7E74-47B6-B7C0-5AC741C934DD}.Debug|x64.Build.0 = Debug|x64
		{CA8D5693-7E74-47B6-B7C0-5AC741C934DD}.Debug|x86.ActiveCfg = Debug|Any CPU
		{CA8D5693-7E74-47B6-B7C0-5AC741C934DD}.Debug|x86.Build.0 = Debug|Any CPU
		{CA8D5693-7E74-47B6-B7C0-5AC741C934DD}.Release|Any CPU.ActiveCfg = Release|Any CPU
		{CA8D5693-7E74-47B6-B7C0-5AC741C934DD}.Release|Any CPU.Build.0 = Release|Any CPU
		{CA8D5693-7E74-47B6-B7C0-5AC741C934DD}.Release|x64.ActiveCfg = Release|x64
		{CA8D5693-7E74-47B6-B7C0-5AC741C934DD}.Release|x64.Build.0 = Release|x64
		{CA8D5693-7E74-47B6-B7C0-5AC741C934DD}.Release|x86.ActiveCfg = Release|Any CPU
		{CA8D5693-7E74-47B6-B7C0-5AC741C934DD}.Release|x86.Build.0 = Release|Any CPU
		{8B7B74DE-3F79-4CBC-9DDC-63534B39D605}.Debug|Any CPU.ActiveCfg = Debug|Any CPU
		{8B7B74DE-3F79-4CBC-9DDC-63534B39D605}.Debug|Any CPU.Build.0 = Debug|Any CPU
		{8B7B74DE-3F79-4CBC-9DDC-63534B39D605}.Debug|x64.ActiveCfg = Debug|x64
		{8B7B74DE-3F79-4CBC-9DDC-63534B39D605}.Debug|x64.Build.0 = Debug|x64
		{8B7B74DE-3F79-4CBC-9DDC-63534B39D605}.Debug|x86.ActiveCfg = Debug|Any CPU
		{8B7B74DE-3F79-4CBC-9DDC-63534B39D605}.Debug|x86.Build.0 = Debug|Any CPU
		{8B7B74DE-3F79-4CBC-9DDC-63534B39D605}.Release|Any CPU.ActiveCfg = Release|Any CPU
		{8B7B74DE-3F79-4CBC-9DDC-63534B39D605}.Release|Any CPU.Build.0 = Release|Any CPU
		{8B7B74DE-3F79-4CBC-9DDC-63534B39D605}.Release|x64.ActiveCfg = Release|x64
		{8B7B74DE-3F79-4CBC-9DDC-63534B39D605}.Release|x64.Build.0 = Release|x64
		{8B7B74DE-3F79-4CBC-9DDC-63534B39D605}.Release|x86.ActiveCfg = Release|Any CPU
		{8B7B74DE-3F79-4CBC-9DDC-63534B39D605}.Release|x86.Build.0 = Release|Any CPU
		{3333F4B9-5C1B-4587-BD60-D14363C03964}.Debug|Any CPU.ActiveCfg = Debug|Any CPU
		{3333F4B9-5C1B-4587-BD60-D14363C03964}.Debug|Any CPU.Build.0 = Debug|Any CPU
		{3333F4B9-5C1B-4587-BD60-D14363C03964}.Debug|x64.ActiveCfg = Debug|x64
		{3333F4B9-5C1B-4587-BD60-D14363C03964}.Debug|x64.Build.0 = Debug|x64
		{3333F4B9-5C1B-4587-BD60-D14363C03964}.Debug|x86.ActiveCfg = Debug|Any CPU
		{3333F4B9-5C1B-4587-BD60-D14363C03964}.Debug|x86.Build.0 = Debug|Any CPU
		{3333F4B9-5C1B-4587-BD60-D14363C03964}.Release|Any CPU.ActiveCfg = Release|Any CPU
		{3333F4B9-5C1B-4587-BD60-D14363C03964}.Release|Any CPU.Build.0 = Release|Any CPU
		{3333F4B9-5C1B-4587-BD60-D14363C03964}.Release|x64.ActiveCfg = Release|x64
		{3333F4B9-5C1B-4587-BD60-D14363C03964}.Release|x64.Build.0 = Release|x64
		{3333F4B9-5C1B-4587-BD60-D14363C03964}.Release|x86.ActiveCfg = Release|Any CPU
		{3333F4B9-5C1B-4587-BD60-D14363C03964}.Release|x86.Build.0 = Release|Any CPU
		{9730CE51-11F2-4F9B-ABB3-0B73B934607A}.Debug|Any CPU.ActiveCfg = Debug|Any CPU
		{9730CE51-11F2-4F9B-ABB3-0B73B934607A}.Debug|Any CPU.Build.0 = Debug|Any CPU
		{9730CE51-11F2-4F9B-ABB3-0B73B934607A}.Debug|x64.ActiveCfg = Debug|x64
		{9730CE51-11F2-4F9B-ABB3-0B73B934607A}.Debug|x64.Build.0 = Debug|x64
		{9730CE51-11F2-4F9B-ABB3-0B73B934607A}.Debug|x86.ActiveCfg = Debug|Any CPU
		{9730CE51-11F2-4F9B-ABB3-0B73B934607A}.Debug|x86.Build.0 = Debug|Any CPU
		{9730CE51-11F2-4F9B-ABB3-0B73B934607A}.Release|Any CPU.ActiveCfg = Release|Any CPU
		{9730CE51-11F2-4F9B-ABB3-0B73B934607A}.Release|Any CPU.Build.0 = Release|Any CPU
		{9730CE51-11F2-4F9B-ABB3-0B73B934607A}.Release|x64.ActiveCfg = Release|x64
		{9730CE51-11F2-4F9B-ABB3-0B73B934607A}.Release|x64.Build.0 = Release|x64
		{9730CE51-11F2-4F9B-ABB3-0B73B934607A}.Release|x86.ActiveCfg = Release|Any CPU
		{9730CE51-11F2-4F9B-ABB3-0B73B934607A}.Release|x86.Build.0 = Release|Any CPU
		{4CDDCAF3-258C-40F4-A637-A06FFA7B711B}.Debug|Any CPU.ActiveCfg = Debug|Any CPU
		{4CDDCAF3-258C-40F4-A637-A06FFA7B711B}.Debug|Any CPU.Build.0 = Debug|Any CPU
		{4CDDCAF3-258C-40F4-A637-A06FFA7B711B}.Debug|x64.ActiveCfg = Debug|x64
		{4CDDCAF3-258C-40F4-A637-A06FFA7B711B}.Debug|x64.Build.0 = Debug|x64
		{4CDDCAF3-258C-40F4-A637-A06FFA7B711B}.Debug|x86.ActiveCfg = Debug|Any CPU
		{4CDDCAF3-258C-40F4-A637-A06FFA7B711B}.Debug|x86.Build.0 = Debug|Any CPU
		{4CDDCAF3-258C-40F4-A637-A06FFA7B711B}.Release|Any CPU.ActiveCfg = Release|Any CPU
		{4CDDCAF3-258C-40F4-A637-A06FFA7B711B}.Release|Any CPU.Build.0 = Release|Any CPU
		{4CDDCAF3-258C-40F4-A637-A06FFA7B711B}.Release|x64.ActiveCfg = Release|x64
		{4CDDCAF3-258C-40F4-A637-A06FFA7B711B}.Release|x64.Build.0 = Release|x64
		{4CDDCAF3-258C-40F4-A637-A06FFA7B711B}.Release|x86.ActiveCfg = Release|Any CPU
		{4CDDCAF3-258C-40F4-A637-A06FFA7B711B}.Release|x86.Build.0 = Release|Any CPU
		{299CFB6C-779A-4AF5-AAAD-0EFE51D294B5}.Debug|Any CPU.ActiveCfg = Debug|Any CPU
		{299CFB6C-779A-4AF5-AAAD-0EFE51D294B5}.Debug|Any CPU.Build.0 = Debug|Any CPU
		{299CFB6C-779A-4AF5-AAAD-0EFE51D294B5}.Debug|x64.ActiveCfg = Debug|x64
		{299CFB6C-779A-4AF5-AAAD-0EFE51D294B5}.Debug|x64.Build.0 = Debug|x64
		{299CFB6C-779A-4AF5-AAAD-0EFE51D294B5}.Debug|x86.ActiveCfg = Debug|Any CPU
		{299CFB6C-779A-4AF5-AAAD-0EFE51D294B5}.Debug|x86.Build.0 = Debug|Any CPU
		{299CFB6C-779A-4AF5-AAAD-0EFE51D294B5}.Release|Any CPU.ActiveCfg = Release|Any CPU
		{299CFB6C-779A-4AF5-AAAD-0EFE51D294B5}.Release|Any CPU.Build.0 = Release|Any CPU
		{299CFB6C-779A-4AF5-AAAD-0EFE51D294B5}.Release|x64.ActiveCfg = Release|x64
		{299CFB6C-779A-4AF5-AAAD-0EFE51D294B5}.Release|x64.Build.0 = Release|x64
		{299CFB6C-779A-4AF5-AAAD-0EFE51D294B5}.Release|x86.ActiveCfg = Release|Any CPU
		{299CFB6C-779A-4AF5-AAAD-0EFE51D294B5}.Release|x86.Build.0 = Release|Any CPU
		{ACAB4E63-70C1-4524-B141-4536C70B7313}.Debug|Any CPU.ActiveCfg = Debug|Any CPU
		{ACAB4E63-70C1-4524-B141-4536C70B7313}.Debug|Any CPU.Build.0 = Debug|Any CPU
		{ACAB4E63-70C1-4524-B141-4536C70B7313}.Debug|x64.ActiveCfg = Debug|x64
		{ACAB4E63-70C1-4524-B141-4536C70B7313}.Debug|x64.Build.0 = Debug|x64
		{ACAB4E63-70C1-4524-B141-4536C70B7313}.Debug|x86.ActiveCfg = Debug|Any CPU
		{ACAB4E63-70C1-4524-B141-4536C70B7313}.Debug|x86.Build.0 = Debug|Any CPU
		{ACAB4E63-70C1-4524-B141-4536C70B7313}.Release|Any CPU.ActiveCfg = Release|Any CPU
		{ACAB4E63-70C1-4524-B141-4536C70B7313}.Release|Any CPU.Build.0 = Release|Any CPU
		{ACAB4E63-70C1-4524-B141-4536C70B7313}.Release|x64.ActiveCfg = Release|x64
		{ACAB4E63-70C1-4524-B141-4536C70B7313}.Release|x64.Build.0 = Release|x64
		{ACAB4E63-70C1-4524-B141-4536C70B7313}.Release|x86.ActiveCfg = Release|Any CPU
		{ACAB4E63-70C1-4524-B141-4536C70B7313}.Release|x86.Build.0 = Release|Any CPU
		{A83FC497-84F3-4DE5-B04B-1BD3DEB4AB65}.Debug|Any CPU.ActiveCfg = Debug|Any CPU
		{A83FC497-84F3-4DE5-B04B-1BD3DEB4AB65}.Debug|Any CPU.Build.0 = Debug|Any CPU
		{A83FC497-84F3-4DE5-B04B-1BD3DEB4AB65}.Debug|x64.ActiveCfg = Debug|Any CPU
		{A83FC497-84F3-4DE5-B04B-1BD3DEB4AB65}.Debug|x64.Build.0 = Debug|Any CPU
		{A83FC497-84F3-4DE5-B04B-1BD3DEB4AB65}.Debug|x86.ActiveCfg = Debug|Any CPU
		{A83FC497-84F3-4DE5-B04B-1BD3DEB4AB65}.Debug|x86.Build.0 = Debug|Any CPU
		{A83FC497-84F3-4DE5-B04B-1BD3DEB4AB65}.Release|Any CPU.ActiveCfg = Release|Any CPU
		{A83FC497-84F3-4DE5-B04B-1BD3DEB4AB65}.Release|Any CPU.Build.0 = Release|Any CPU
		{A83FC497-84F3-4DE5-B04B-1BD3DEB4AB65}.Release|x64.ActiveCfg = Release|Any CPU
		{A83FC497-84F3-4DE5-B04B-1BD3DEB4AB65}.Release|x64.Build.0 = Release|Any CPU
		{A83FC497-84F3-4DE5-B04B-1BD3DEB4AB65}.Release|x86.ActiveCfg = Release|Any CPU
		{A83FC497-84F3-4DE5-B04B-1BD3DEB4AB65}.Release|x86.Build.0 = Release|Any CPU
		{A6EECE47-91EA-479E-8F11-A3F3E6CA459E}.Debug|Any CPU.ActiveCfg = Debug|Any CPU
		{A6EECE47-91EA-479E-8F11-A3F3E6CA459E}.Debug|Any CPU.Build.0 = Debug|Any CPU
		{A6EECE47-91EA-479E-8F11-A3F3E6CA459E}.Debug|x64.ActiveCfg = Debug|Any CPU
		{A6EECE47-91EA-479E-8F11-A3F3E6CA459E}.Debug|x64.Build.0 = Debug|Any CPU
		{A6EECE47-91EA-479E-8F11-A3F3E6CA459E}.Debug|x86.ActiveCfg = Debug|Any CPU
		{A6EECE47-91EA-479E-8F11-A3F3E6CA459E}.Debug|x86.Build.0 = Debug|Any CPU
		{A6EECE47-91EA-479E-8F11-A3F3E6CA459E}.Release|Any CPU.ActiveCfg = Release|Any CPU
		{A6EECE47-91EA-479E-8F11-A3F3E6CA459E}.Release|Any CPU.Build.0 = Release|Any CPU
		{A6EECE47-91EA-479E-8F11-A3F3E6CA459E}.Release|x64.ActiveCfg = Release|Any CPU
		{A6EECE47-91EA-479E-8F11-A3F3E6CA459E}.Release|x64.Build.0 = Release|Any CPU
		{A6EECE47-91EA-479E-8F11-A3F3E6CA459E}.Release|x86.ActiveCfg = Release|Any CPU
		{A6EECE47-91EA-479E-8F11-A3F3E6CA459E}.Release|x86.Build.0 = Release|Any CPU
		{601F4F58-1299-4D95-8A6F-C3670B273EA1}.Debug|Any CPU.ActiveCfg = Debug|Any CPU
		{601F4F58-1299-4D95-8A6F-C3670B273EA1}.Debug|Any CPU.Build.0 = Debug|Any CPU
		{601F4F58-1299-4D95-8A6F-C3670B273EA1}.Debug|x64.ActiveCfg = Debug|x64
		{601F4F58-1299-4D95-8A6F-C3670B273EA1}.Debug|x64.Build.0 = Debug|x64
		{601F4F58-1299-4D95-8A6F-C3670B273EA1}.Debug|x86.ActiveCfg = Debug|Any CPU
		{601F4F58-1299-4D95-8A6F-C3670B273EA1}.Debug|x86.Build.0 = Debug|Any CPU
		{601F4F58-1299-4D95-8A6F-C3670B273EA1}.Release|Any CPU.ActiveCfg = Release|Any CPU
		{601F4F58-1299-4D95-8A6F-C3670B273EA1}.Release|Any CPU.Build.0 = Release|Any CPU
		{601F4F58-1299-4D95-8A6F-C3670B273EA1}.Release|x64.ActiveCfg = Release|x64
		{601F4F58-1299-4D95-8A6F-C3670B273EA1}.Release|x64.Build.0 = Release|x64
		{601F4F58-1299-4D95-8A6F-C3670B273EA1}.Release|x86.ActiveCfg = Release|Any CPU
		{601F4F58-1299-4D95-8A6F-C3670B273EA1}.Release|x86.Build.0 = Release|Any CPU
		{B6541260-F5CE-4FEA-84C5-3CAD98814F91}.Debug|Any CPU.ActiveCfg = Debug|Any CPU
		{B6541260-F5CE-4FEA-84C5-3CAD98814F91}.Debug|Any CPU.Build.0 = Debug|Any CPU
		{B6541260-F5CE-4FEA-84C5-3CAD98814F91}.Debug|x64.ActiveCfg = Debug|Any CPU
		{B6541260-F5CE-4FEA-84C5-3CAD98814F91}.Debug|x64.Build.0 = Debug|Any CPU
		{B6541260-F5CE-4FEA-84C5-3CAD98814F91}.Debug|x86.ActiveCfg = Debug|Any CPU
		{B6541260-F5CE-4FEA-84C5-3CAD98814F91}.Debug|x86.Build.0 = Debug|Any CPU
		{B6541260-F5CE-4FEA-84C5-3CAD98814F91}.Release|Any CPU.ActiveCfg = Release|Any CPU
		{B6541260-F5CE-4FEA-84C5-3CAD98814F91}.Release|Any CPU.Build.0 = Release|Any CPU
		{B6541260-F5CE-4FEA-84C5-3CAD98814F91}.Release|x64.ActiveCfg = Release|Any CPU
		{B6541260-F5CE-4FEA-84C5-3CAD98814F91}.Release|x64.Build.0 = Release|Any CPU
		{B6541260-F5CE-4FEA-84C5-3CAD98814F91}.Release|x86.ActiveCfg = Release|Any CPU
		{B6541260-F5CE-4FEA-84C5-3CAD98814F91}.Release|x86.Build.0 = Release|Any CPU
		{AE86CEDA-A97A-422B-968C-74E4F81CF3D5}.Debug|Any CPU.ActiveCfg = Debug|Any CPU
		{AE86CEDA-A97A-422B-968C-74E4F81CF3D5}.Debug|Any CPU.Build.0 = Debug|Any CPU
		{AE86CEDA-A97A-422B-968C-74E4F81CF3D5}.Debug|x64.ActiveCfg = Debug|x64
		{AE86CEDA-A97A-422B-968C-74E4F81CF3D5}.Debug|x64.Build.0 = Debug|x64
		{AE86CEDA-A97A-422B-968C-74E4F81CF3D5}.Debug|x86.ActiveCfg = Debug|Any CPU
		{AE86CEDA-A97A-422B-968C-74E4F81CF3D5}.Debug|x86.Build.0 = Debug|Any CPU
		{AE86CEDA-A97A-422B-968C-74E4F81CF3D5}.Release|Any CPU.ActiveCfg = Release|Any CPU
		{AE86CEDA-A97A-422B-968C-74E4F81CF3D5}.Release|Any CPU.Build.0 = Release|Any CPU
		{AE86CEDA-A97A-422B-968C-74E4F81CF3D5}.Release|x64.ActiveCfg = Release|x64
		{AE86CEDA-A97A-422B-968C-74E4F81CF3D5}.Release|x64.Build.0 = Release|x64
		{AE86CEDA-A97A-422B-968C-74E4F81CF3D5}.Release|x86.ActiveCfg = Release|Any CPU
		{AE86CEDA-A97A-422B-968C-74E4F81CF3D5}.Release|x86.Build.0 = Release|Any CPU
		{86139F2C-2FB9-4556-AF32-09743284731A}.Debug|Any CPU.ActiveCfg = Debug|Any CPU
		{86139F2C-2FB9-4556-AF32-09743284731A}.Debug|Any CPU.Build.0 = Debug|Any CPU
		{86139F2C-2FB9-4556-AF32-09743284731A}.Debug|x64.ActiveCfg = Debug|x64
		{86139F2C-2FB9-4556-AF32-09743284731A}.Debug|x64.Build.0 = Debug|x64
		{86139F2C-2FB9-4556-AF32-09743284731A}.Debug|x86.ActiveCfg = Debug|Any CPU
		{86139F2C-2FB9-4556-AF32-09743284731A}.Debug|x86.Build.0 = Debug|Any CPU
		{86139F2C-2FB9-4556-AF32-09743284731A}.Release|Any CPU.ActiveCfg = Release|Any CPU
		{86139F2C-2FB9-4556-AF32-09743284731A}.Release|Any CPU.Build.0 = Release|Any CPU
		{86139F2C-2FB9-4556-AF32-09743284731A}.Release|x64.ActiveCfg = Release|x64
		{86139F2C-2FB9-4556-AF32-09743284731A}.Release|x64.Build.0 = Release|x64
		{86139F2C-2FB9-4556-AF32-09743284731A}.Release|x86.ActiveCfg = Release|Any CPU
		{86139F2C-2FB9-4556-AF32-09743284731A}.Release|x86.Build.0 = Release|Any CPU
		{926D3468-E4FB-4647-9B01-360438C0493E}.Debug|Any CPU.ActiveCfg = Debug|Any CPU
		{926D3468-E4FB-4647-9B01-360438C0493E}.Debug|Any CPU.Build.0 = Debug|Any CPU
		{926D3468-E4FB-4647-9B01-360438C0493E}.Debug|x64.ActiveCfg = Debug|x64
		{926D3468-E4FB-4647-9B01-360438C0493E}.Debug|x64.Build.0 = Debug|x64
		{926D3468-E4FB-4647-9B01-360438C0493E}.Debug|x86.ActiveCfg = Debug|Any CPU
		{926D3468-E4FB-4647-9B01-360438C0493E}.Debug|x86.Build.0 = Debug|Any CPU
		{926D3468-E4FB-4647-9B01-360438C0493E}.Release|Any CPU.ActiveCfg = Release|Any CPU
		{926D3468-E4FB-4647-9B01-360438C0493E}.Release|Any CPU.Build.0 = Release|Any CPU
		{926D3468-E4FB-4647-9B01-360438C0493E}.Release|x64.ActiveCfg = Release|x64
		{926D3468-E4FB-4647-9B01-360438C0493E}.Release|x64.Build.0 = Release|x64
		{926D3468-E4FB-4647-9B01-360438C0493E}.Release|x86.ActiveCfg = Release|Any CPU
		{926D3468-E4FB-4647-9B01-360438C0493E}.Release|x86.Build.0 = Release|Any CPU
		{D0E9D9D6-B05C-4330-A8B2-AC2FC3620A66}.Debug|Any CPU.ActiveCfg = Debug|Any CPU
		{D0E9D9D6-B05C-4330-A8B2-AC2FC3620A66}.Debug|Any CPU.Build.0 = Debug|Any CPU
		{D0E9D9D6-B05C-4330-A8B2-AC2FC3620A66}.Debug|x64.ActiveCfg = Debug|x64
		{D0E9D9D6-B05C-4330-A8B2-AC2FC3620A66}.Debug|x64.Build.0 = Debug|x64
		{D0E9D9D6-B05C-4330-A8B2-AC2FC3620A66}.Debug|x86.ActiveCfg = Debug|Any CPU
		{D0E9D9D6-B05C-4330-A8B2-AC2FC3620A66}.Debug|x86.Build.0 = Debug|Any CPU
		{D0E9D9D6-B05C-4330-A8B2-AC2FC3620A66}.Release|Any CPU.ActiveCfg = Release|Any CPU
		{D0E9D9D6-B05C-4330-A8B2-AC2FC3620A66}.Release|Any CPU.Build.0 = Release|Any CPU
		{D0E9D9D6-B05C-4330-A8B2-AC2FC3620A66}.Release|x64.ActiveCfg = Release|x64
		{D0E9D9D6-B05C-4330-A8B2-AC2FC3620A66}.Release|x64.Build.0 = Release|x64
		{D0E9D9D6-B05C-4330-A8B2-AC2FC3620A66}.Release|x86.ActiveCfg = Release|Any CPU
		{D0E9D9D6-B05C-4330-A8B2-AC2FC3620A66}.Release|x86.Build.0 = Release|Any CPU
		{4B01F1FA-1AC3-4E2B-8D6F-9BB666EFCA9E}.Debug|Any CPU.ActiveCfg = Debug|Any CPU
		{4B01F1FA-1AC3-4E2B-8D6F-9BB666EFCA9E}.Debug|Any CPU.Build.0 = Debug|Any CPU
		{4B01F1FA-1AC3-4E2B-8D6F-9BB666EFCA9E}.Debug|x64.ActiveCfg = Debug|Any CPU
		{4B01F1FA-1AC3-4E2B-8D6F-9BB666EFCA9E}.Debug|x64.Build.0 = Debug|Any CPU
		{4B01F1FA-1AC3-4E2B-8D6F-9BB666EFCA9E}.Debug|x86.ActiveCfg = Debug|Any CPU
		{4B01F1FA-1AC3-4E2B-8D6F-9BB666EFCA9E}.Debug|x86.Build.0 = Debug|Any CPU
		{4B01F1FA-1AC3-4E2B-8D6F-9BB666EFCA9E}.Release|Any CPU.ActiveCfg = Release|Any CPU
		{4B01F1FA-1AC3-4E2B-8D6F-9BB666EFCA9E}.Release|Any CPU.Build.0 = Release|Any CPU
		{4B01F1FA-1AC3-4E2B-8D6F-9BB666EFCA9E}.Release|x64.ActiveCfg = Release|Any CPU
		{4B01F1FA-1AC3-4E2B-8D6F-9BB666EFCA9E}.Release|x64.Build.0 = Release|Any CPU
		{4B01F1FA-1AC3-4E2B-8D6F-9BB666EFCA9E}.Release|x86.ActiveCfg = Release|Any CPU
		{4B01F1FA-1AC3-4E2B-8D6F-9BB666EFCA9E}.Release|x86.Build.0 = Release|Any CPU
		{7EEEFCBC-CEEE-4440-BB81-8470C7B4EF79}.Debug|Any CPU.ActiveCfg = Debug|x64
		{7EEEFCBC-CEEE-4440-BB81-8470C7B4EF79}.Debug|Any CPU.Build.0 = Debug|x64
		{7EEEFCBC-CEEE-4440-BB81-8470C7B4EF79}.Debug|x64.ActiveCfg = Debug|x64
		{7EEEFCBC-CEEE-4440-BB81-8470C7B4EF79}.Debug|x64.Build.0 = Debug|x64
		{7EEEFCBC-CEEE-4440-BB81-8470C7B4EF79}.Debug|x86.ActiveCfg = Debug|Win32
		{7EEEFCBC-CEEE-4440-BB81-8470C7B4EF79}.Debug|x86.Build.0 = Debug|Win32
		{7EEEFCBC-CEEE-4440-BB81-8470C7B4EF79}.Release|Any CPU.ActiveCfg = Release|x64
		{7EEEFCBC-CEEE-4440-BB81-8470C7B4EF79}.Release|Any CPU.Build.0 = Release|x64
		{7EEEFCBC-CEEE-4440-BB81-8470C7B4EF79}.Release|x64.ActiveCfg = Release|x64
		{7EEEFCBC-CEEE-4440-BB81-8470C7B4EF79}.Release|x64.Build.0 = Release|x64
		{7EEEFCBC-CEEE-4440-BB81-8470C7B4EF79}.Release|x86.ActiveCfg = Release|Win32
		{7EEEFCBC-CEEE-4440-BB81-8470C7B4EF79}.Release|x86.Build.0 = Release|Win32
		{E4C36995-2B46-4E67-9E2F-7F4AFF38DDEA}.Debug|Any CPU.ActiveCfg = Debug|x64
		{E4C36995-2B46-4E67-9E2F-7F4AFF38DDEA}.Debug|Any CPU.Build.0 = Debug|x64
		{E4C36995-2B46-4E67-9E2F-7F4AFF38DDEA}.Debug|x64.ActiveCfg = Debug|x64
		{E4C36995-2B46-4E67-9E2F-7F4AFF38DDEA}.Debug|x64.Build.0 = Debug|x64
		{E4C36995-2B46-4E67-9E2F-7F4AFF38DDEA}.Debug|x86.ActiveCfg = Debug|Win32
		{E4C36995-2B46-4E67-9E2F-7F4AFF38DDEA}.Debug|x86.Build.0 = Debug|Win32
		{E4C36995-2B46-4E67-9E2F-7F4AFF38DDEA}.Release|Any CPU.ActiveCfg = Release|x64
		{E4C36995-2B46-4E67-9E2F-7F4AFF38DDEA}.Release|Any CPU.Build.0 = Release|x64
		{E4C36995-2B46-4E67-9E2F-7F4AFF38DDEA}.Release|x64.ActiveCfg = Release|x64
		{E4C36995-2B46-4E67-9E2F-7F4AFF38DDEA}.Release|x64.Build.0 = Release|x64
		{E4C36995-2B46-4E67-9E2F-7F4AFF38DDEA}.Release|x86.ActiveCfg = Release|Win32
		{E4C36995-2B46-4E67-9E2F-7F4AFF38DDEA}.Release|x86.Build.0 = Release|Win32
		{CA57C534-7594-40A0-A2F3-39836525724C}.Debug|Any CPU.ActiveCfg = Debug|x64
		{CA57C534-7594-40A0-A2F3-39836525724C}.Debug|Any CPU.Build.0 = Debug|x64
		{CA57C534-7594-40A0-A2F3-39836525724C}.Debug|x64.ActiveCfg = Debug|x64
		{CA57C534-7594-40A0-A2F3-39836525724C}.Debug|x64.Build.0 = Debug|x64
		{CA57C534-7594-40A0-A2F3-39836525724C}.Debug|x86.ActiveCfg = Debug|Win32
		{CA57C534-7594-40A0-A2F3-39836525724C}.Debug|x86.Build.0 = Debug|Win32
		{CA57C534-7594-40A0-A2F3-39836525724C}.Release|Any CPU.ActiveCfg = Release|x64
		{CA57C534-7594-40A0-A2F3-39836525724C}.Release|Any CPU.Build.0 = Release|x64
		{CA57C534-7594-40A0-A2F3-39836525724C}.Release|x64.ActiveCfg = Release|x64
		{CA57C534-7594-40A0-A2F3-39836525724C}.Release|x64.Build.0 = Release|x64
		{CA57C534-7594-40A0-A2F3-39836525724C}.Release|x86.ActiveCfg = Release|Win32
		{CA57C534-7594-40A0-A2F3-39836525724C}.Release|x86.Build.0 = Release|Win32
		{7311D651-7877-4421-A50F-681DF2489746}.Debug|Any CPU.ActiveCfg = Debug|x64
		{7311D651-7877-4421-A50F-681DF2489746}.Debug|Any CPU.Build.0 = Debug|x64
		{7311D651-7877-4421-A50F-681DF2489746}.Debug|x64.ActiveCfg = Debug|x64
		{7311D651-7877-4421-A50F-681DF2489746}.Debug|x64.Build.0 = Debug|x64
		{7311D651-7877-4421-A50F-681DF2489746}.Debug|x86.ActiveCfg = Debug|Win32
		{7311D651-7877-4421-A50F-681DF2489746}.Debug|x86.Build.0 = Debug|Win32
		{7311D651-7877-4421-A50F-681DF2489746}.Release|Any CPU.ActiveCfg = Release|x64
		{7311D651-7877-4421-A50F-681DF2489746}.Release|Any CPU.Build.0 = Release|x64
		{7311D651-7877-4421-A50F-681DF2489746}.Release|x64.ActiveCfg = Release|x64
		{7311D651-7877-4421-A50F-681DF2489746}.Release|x64.Build.0 = Release|x64
		{7311D651-7877-4421-A50F-681DF2489746}.Release|x86.ActiveCfg = Release|Win32
		{7311D651-7877-4421-A50F-681DF2489746}.Release|x86.Build.0 = Release|Win32
	EndGlobalSection
	GlobalSection(SolutionProperties) = preSolution
		HideSolutionNode = FALSE
	EndGlobalSection
	GlobalSection(NestedProjects) = preSolution
		{233274AF-744B-48DC-A278-77D3B7887BA1} = {3BFBF384-19E9-4B73-B9C2-27D8730629FA}
		{3F2DBEA0-C90F-4AAD-A135-77D7436422EA} = {3BFBF384-19E9-4B73-B9C2-27D8730629FA}
		{8682A511-26EF-4248-8344-BCE3A7A811E6} = {3BFBF384-19E9-4B73-B9C2-27D8730629FA}
		{CA8D5693-7E74-47B6-B7C0-5AC741C934DD} = {3BFBF384-19E9-4B73-B9C2-27D8730629FA}
		{8B7B74DE-3F79-4CBC-9DDC-63534B39D605} = {3BFBF384-19E9-4B73-B9C2-27D8730629FA}
		{3333F4B9-5C1B-4587-BD60-D14363C03964} = {3BFBF384-19E9-4B73-B9C2-27D8730629FA}
		{9730CE51-11F2-4F9B-ABB3-0B73B934607A} = {3BFBF384-19E9-4B73-B9C2-27D8730629FA}
		{4CDDCAF3-258C-40F4-A637-A06FFA7B711B} = {3BFBF384-19E9-4B73-B9C2-27D8730629FA}
		{299CFB6C-779A-4AF5-AAAD-0EFE51D294B5} = {3BFBF384-19E9-4B73-B9C2-27D8730629FA}
		{ACAB4E63-70C1-4524-B141-4536C70B7313} = {3BFBF384-19E9-4B73-B9C2-27D8730629FA}
		{A83FC497-84F3-4DE5-B04B-1BD3DEB4AB65} = {EEAC2DA9-3F62-4A49-8FFC-51168272601F}
		{A6EECE47-91EA-479E-8F11-A3F3E6CA459E} = {EEAC2DA9-3F62-4A49-8FFC-51168272601F}
		{601F4F58-1299-4D95-8A6F-C3670B273EA1} = {97978484-47E6-4E4A-8A24-A17A122B3F77}
		{B6541260-F5CE-4FEA-84C5-3CAD98814F91} = {3BFBF384-19E9-4B73-B9C2-27D8730629FA}
		{AE86CEDA-A97A-422B-968C-74E4F81CF3D5} = {3BFBF384-19E9-4B73-B9C2-27D8730629FA}
		{86139F2C-2FB9-4556-AF32-09743284731A} = {3BFBF384-19E9-4B73-B9C2-27D8730629FA}
		{926D3468-E4FB-4647-9B01-360438C0493E} = {3BFBF384-19E9-4B73-B9C2-27D8730629FA}
		{D0E9D9D6-B05C-4330-A8B2-AC2FC3620A66} = {3BFBF384-19E9-4B73-B9C2-27D8730629FA}
		{4B01F1FA-1AC3-4E2B-8D6F-9BB666EFCA9E} = {EEAC2DA9-3F62-4A49-8FFC-51168272601F}
		{7EEEFCBC-CEEE-4440-BB81-8470C7B4EF79} = {4F43E805-E801-4FB0-8F27-F7DC82027110}
		{E4C36995-2B46-4E67-9E2F-7F4AFF38DDEA} = {EEAC2DA9-3F62-4A49-8FFC-51168272601F}
		{CA57C534-7594-40A0-A2F3-39836525724C} = {4F43E805-E801-4FB0-8F27-F7DC82027110}
	EndGlobalSection
	GlobalSection(ExtensibilityGlobals) = postSolution
		SolutionGuid = {A1E0287A-2CF1-4075-82E6-66EF95D320F5}
	EndGlobalSection
EndGlobal
