
Microsoft Visual Studio Solution File, Format Version 12.00
# Visual Studio Version 17
VisualStudioVersion = 17.11.35303.130
MinimumVisualStudioVersion = 10.0.40219.1
Project("{9A19103F-16F7-4668-BE54-9A1E7A4F7556}") = "BuzzGUI.BuzzUpdate", "ReBuzzGUI\BuzzGUI.BuzzUpdate\BuzzGUI.BuzzUpdate.csproj", "{2B9B1C45-7AEA-477B-8EFC-5105F2B2821B}"
EndProject
Project("{9A19103F-16F7-4668-BE54-9A1E7A4F7556}") = "BuzzGUI.Common", "ReBuzzGUI\BuzzGUI.Common\BuzzGUI.Common.csproj", "{DAB6D874-8227-415E-8F3C-47ADEE50A038}"
EndProject
Project("{9A19103F-16F7-4668-BE54-9A1E7A4F7556}") = "BuzzGUI.EnvelopeControl", "ReBuzzGUI\BuzzGUI.EnvelopeControl\BuzzGUI.EnvelopeControl.csproj", "{08CC48D9-4FCB-477E-9706-2DD00ED8ACA4}"
EndProject
Project("{9A19103F-16F7-4668-BE54-9A1E7A4F7556}") = "BuzzGUI.FileBrowser", "ReBuzzGUI\BuzzGUI.FileBrowser\BuzzGUI.FileBrowser.csproj", "{618325B1-9403-43D1-887C-1ABDA910B110}"
EndProject
Project("{9A19103F-16F7-4668-BE54-9A1E7A4F7556}") = "BuzzGUI.Interfaces", "ReBuzzGUI\BuzzGUI.Interfaces\BuzzGUI.Interfaces.csproj", "{3C40F365-4754-4525-8B1F-3807983CEEA7}"
EndProject
Project("{9A19103F-16F7-4668-BE54-9A1E7A4F7556}") = "BuzzGUI.MachineView", "ReBuzzGUI\BuzzGUI.MachineView\BuzzGUI.MachineView.csproj", "{1039BAC6-7ED8-4601-BFFA-ADF54FFC3D0A}"
EndProject
Project("{9A19103F-16F7-4668-BE54-9A1E7A4F7556}") = "BuzzGUI.ParameterWindow", "ReBuzzGUI\BuzzGUI.ParameterWindow\BuzzGUI.ParameterWindow.csproj", "{B1612710-D02E-402D-8933-9B27E7F98D76}"
EndProject
Project("{9A19103F-16F7-4668-BE54-9A1E7A4F7556}") = "BuzzGUI.PianoKeyboard", "ReBuzzGUI\BuzzGUI.PianoKeyboard\BuzzGUI.PianoKeyboard.csproj", "{77BFFA3D-C3E3-4C5C-9A0B-0CEE5F1C52F7}"
EndProject
Project("{9A19103F-16F7-4668-BE54-9A1E7A4F7556}") = "BuzzGUI.SequenceEditorExtended Rebuzz", "ReBuzzGUI\BuzzGUI.SequenceEditorExtended Rebuzz\BuzzGUI.SequenceEditorExtended Rebuzz.csproj", "{45CBBA0A-9683-44E8-952F-DC13650B8F5B}"
EndProject
Project("{9A19103F-16F7-4668-BE54-9A1E7A4F7556}") = "BuzzGUI.ToolBar", "ReBuzzGUI\BuzzGUI.ToolBar\BuzzGUI.ToolBar.csproj", "{337A1E99-F5CF-4A7B-BFA3-06D50560FC45}"
EndProject
Project("{9A19103F-16F7-4668-BE54-9A1E7A4F7556}") = "BuzzGUI.WaveformControl", "ReBuzzGUI\BuzzGUI.WaveformControl\BuzzGUI.WaveformControl.csproj", "{31C2D861-6D85-41FA-B22C-BBCC964D50EC}"
EndProject
Project("{9A19103F-16F7-4668-BE54-9A1E7A4F7556}") = "BuzzGUI.WavetableView", "ReBuzzGUI\BuzzGUI.WavetableView\BuzzGUI.WavetableView.csproj", "{26765039-7400-475D-B0E9-195E55C932E3}"
EndProject
Project("{9A19103F-16F7-4668-BE54-9A1E7A4F7556}") = "ModernSequenceEditor", "ReBuzzGUI\ModernSequenceEditor\ModernSequenceEditor.csproj", "{AA4F5892-ABFF-469E-B30C-A49083685741}"
EndProject
Project("{9A19103F-16F7-4668-BE54-9A1E7A4F7556}") = "ModernSequenceEditorHorizontal", "ReBuzzGUI\ModernSequenceEditorHorizontal\ModernSequenceEditorHorizontal.csproj", "{1C2A8936-2922-4261-8F0A-076193E70827}"
EndProject
Project("{8BC9CEB8-8B4A-11D0-8D11-00A0C91BC942}") = "ReBuzzEngine", "ReBuzzEngine\rebe\ReBuzzEngine.vcxproj", "{7EEEFCBC-CEEE-4440-BB81-8470C7B4EF79}"
EndProject
Project("{9A19103F-16F7-4668-BE54-9A1E7A4F7556}") = "ModernPatternEditor.NET", "ModernPatternEditor\ModernPatternEditor.NET\ModernPatternEditor.NET.csproj", "{56E63E2D-7316-42A9-8F94-11E1ACD0DE94}"
EndProject
Project("{FAE04EC0-301F-11D3-BF4B-00C04F79EFBC}") = "7zip", "ReBuzz3rdParty\7zip\7zip.csproj", "{4B01F1FA-1AC3-4E2B-8D6F-9BB666EFCA9E}"
EndProject
Project("{8BC9CEB8-8B4A-11D0-8D11-00A0C91BC942}") = "ReBuzzEngine32", "ReBuzzEngine32\ReBuzzEngine32.vcxproj", "{CA57C534-7594-40A0-A2F3-39836525724C}"
	ProjectSection(ProjectDependencies) = postProject
		{7EEEFCBC-CEEE-4440-BB81-8470C7B4EF79} = {7EEEFCBC-CEEE-4440-BB81-8470C7B4EF79}
	EndProjectSection
EndProject
Project("{9A19103F-16F7-4668-BE54-9A1E7A4F7556}") = "ModernSequenceEditor.Interfaces", "ReBuzzGUI\ModernSequenceEditor.Interfaces\ModernSequenceEditor.Interfaces.csproj", "{B6541260-F5CE-4FEA-84C5-3CAD98814F91}"
EndProject
Project("{8BC9CEB8-8B4A-11D0-8D11-00A0C91BC942}") = "MatildeTracker", "ReBuzz3rdParty\matilde\MatildeTracker.vcxproj", "{34A84216-9B9E-4372-AE1E-5B95C986B1DB}"
EndProject
Project("{9A19103F-16F7-4668-BE54-9A1E7A4F7556}") = "ReBuzz", "ReBuzz\ReBuzz.csproj", "{3C5EA739-1CBA-4876-9602-1B75A29F3269}"
	ProjectSection(ProjectDependencies) = postProject
		{7311D651-7877-4421-A50F-681DF2489746} = {7311D651-7877-4421-A50F-681DF2489746}
		{7EEEFCBC-CEEE-4440-BB81-8470C7B4EF79} = {7EEEFCBC-CEEE-4440-BB81-8470C7B4EF79}
		{CA57C534-7594-40A0-A2F3-39836525724C} = {CA57C534-7594-40A0-A2F3-39836525724C}
	EndProjectSection
EndProject
Project("{8BC9CEB8-8B4A-11D0-8D11-00A0C91BC942}") = "RuntimeFiles", "ReBuzzRunTime\RuntimeFiles.vcxproj", "{7311D651-7877-4421-A50F-681DF2489746}"
EndProject
Global
	GlobalSection(SolutionConfigurationPlatforms) = preSolution
		Debug|Any CPU = Debug|Any CPU
		Debug|x64 = Debug|x64
		Debug|x86 = Debug|x86
		Release|Any CPU = Release|Any CPU
		Release|x64 = Release|x64
		Release|x86 = Release|x86
	EndGlobalSection
	GlobalSection(ProjectConfigurationPlatforms) = postSolution
		{2B9B1C45-7AEA-477B-8EFC-5105F2B2821B}.Debug|Any CPU.ActiveCfg = Debug|Any CPU
		{2B9B1C45-7AEA-477B-8EFC-5105F2B2821B}.Debug|Any CPU.Build.0 = Debug|Any CPU
		{2B9B1C45-7AEA-477B-8EFC-5105F2B2821B}.Debug|x64.ActiveCfg = Debug|x64
		{2B9B1C45-7AEA-477B-8EFC-5105F2B2821B}.Debug|x64.Build.0 = Debug|x64
		{2B9B1C45-7AEA-477B-8EFC-5105F2B2821B}.Debug|x86.ActiveCfg = Debug|Any CPU
		{2B9B1C45-7AEA-477B-8EFC-5105F2B2821B}.Debug|x86.Build.0 = Debug|Any CPU
		{2B9B1C45-7AEA-477B-8EFC-5105F2B2821B}.Release|Any CPU.ActiveCfg = Release|Any CPU
		{2B9B1C45-7AEA-477B-8EFC-5105F2B2821B}.Release|Any CPU.Build.0 = Release|Any CPU
		{2B9B1C45-7AEA-477B-8EFC-5105F2B2821B}.Release|x64.ActiveCfg = Release|x64
		{2B9B1C45-7AEA-477B-8EFC-5105F2B2821B}.Release|x64.Build.0 = Release|x64
		{2B9B1C45-7AEA-477B-8EFC-5105F2B2821B}.Release|x86.ActiveCfg = Release|Any CPU
		{2B9B1C45-7AEA-477B-8EFC-5105F2B2821B}.Release|x86.Build.0 = Release|Any CPU
		{DAB6D874-8227-415E-8F3C-47ADEE50A038}.Debug|Any CPU.ActiveCfg = Debug|Any CPU
		{DAB6D874-8227-415E-8F3C-47ADEE50A038}.Debug|Any CPU.Build.0 = Debug|Any CPU
		{DAB6D874-8227-415E-8F3C-47ADEE50A038}.Debug|x64.ActiveCfg = Debug|x64
		{DAB6D874-8227-415E-8F3C-47ADEE50A038}.Debug|x64.Build.0 = Debug|x64
		{DAB6D874-8227-415E-8F3C-47ADEE50A038}.Debug|x86.ActiveCfg = Debug|Any CPU
		{DAB6D874-8227-415E-8F3C-47ADEE50A038}.Debug|x86.Build.0 = Debug|Any CPU
		{DAB6D874-8227-415E-8F3C-47ADEE50A038}.Release|Any CPU.ActiveCfg = Release|Any CPU
		{DAB6D874-8227-415E-8F3C-47ADEE50A038}.Release|Any CPU.Build.0 = Release|Any CPU
		{DAB6D874-8227-415E-8F3C-47ADEE50A038}.Release|x64.ActiveCfg = Release|x64
		{DAB6D874-8227-415E-8F3C-47ADEE50A038}.Release|x64.Build.0 = Release|x64
		{DAB6D874-8227-415E-8F3C-47ADEE50A038}.Release|x86.ActiveCfg = Release|Any CPU
		{DAB6D874-8227-415E-8F3C-47ADEE50A038}.Release|x86.Build.0 = Release|Any CPU
		{08CC48D9-4FCB-477E-9706-2DD00ED8ACA4}.Debug|Any CPU.ActiveCfg = Debug|Any CPU
		{08CC48D9-4FCB-477E-9706-2DD00ED8ACA4}.Debug|Any CPU.Build.0 = Debug|Any CPU
		{08CC48D9-4FCB-477E-9706-2DD00ED8ACA4}.Debug|x64.ActiveCfg = Debug|x64
		{08CC48D9-4FCB-477E-9706-2DD00ED8ACA4}.Debug|x64.Build.0 = Debug|x64
		{08CC48D9-4FCB-477E-9706-2DD00ED8ACA4}.Debug|x86.ActiveCfg = Debug|Any CPU
		{08CC48D9-4FCB-477E-9706-2DD00ED8ACA4}.Debug|x86.Build.0 = Debug|Any CPU
		{08CC48D9-4FCB-477E-9706-2DD00ED8ACA4}.Release|Any CPU.ActiveCfg = Release|Any CPU
		{08CC48D9-4FCB-477E-9706-2DD00ED8ACA4}.Release|Any CPU.Build.0 = Release|Any CPU
		{08CC48D9-4FCB-477E-9706-2DD00ED8ACA4}.Release|x64.ActiveCfg = Release|x64
		{08CC48D9-4FCB-477E-9706-2DD00ED8ACA4}.Release|x64.Build.0 = Release|x64
		{08CC48D9-4FCB-477E-9706-2DD00ED8ACA4}.Release|x86.ActiveCfg = Release|Any CPU
		{08CC48D9-4FCB-477E-9706-2DD00ED8ACA4}.Release|x86.Build.0 = Release|Any CPU
		{618325B1-9403-43D1-887C-1ABDA910B110}.Debug|Any CPU.ActiveCfg = Debug|Any CPU
		{618325B1-9403-43D1-887C-1ABDA910B110}.Debug|Any CPU.Build.0 = Debug|Any CPU
		{618325B1-9403-43D1-887C-1ABDA910B110}.Debug|x64.ActiveCfg = Debug|x64
		{618325B1-9403-43D1-887C-1ABDA910B110}.Debug|x64.Build.0 = Debug|x64
		{618325B1-9403-43D1-887C-1ABDA910B110}.Debug|x86.ActiveCfg = Debug|Any CPU
		{618325B1-9403-43D1-887C-1ABDA910B110}.Debug|x86.Build.0 = Debug|Any CPU
		{618325B1-9403-43D1-887C-1ABDA910B110}.Release|Any CPU.ActiveCfg = Release|Any CPU
		{618325B1-9403-43D1-887C-1ABDA910B110}.Release|Any CPU.Build.0 = Release|Any CPU
		{618325B1-9403-43D1-887C-1ABDA910B110}.Release|x64.ActiveCfg = Release|x64
		{618325B1-9403-43D1-887C-1ABDA910B110}.Release|x64.Build.0 = Release|x64
		{618325B1-9403-43D1-887C-1ABDA910B110}.Release|x86.ActiveCfg = Release|Any CPU
		{618325B1-9403-43D1-887C-1ABDA910B110}.Release|x86.Build.0 = Release|Any CPU
		{3C40F365-4754-4525-8B1F-3807983CEEA7}.Debug|Any CPU.ActiveCfg = Debug|Any CPU
		{3C40F365-4754-4525-8B1F-3807983CEEA7}.Debug|Any CPU.Build.0 = Debug|Any CPU
		{3C40F365-4754-4525-8B1F-3807983CEEA7}.Debug|x64.ActiveCfg = Debug|x64
		{3C40F365-4754-4525-8B1F-3807983CEEA7}.Debug|x64.Build.0 = Debug|x64
		{3C40F365-4754-4525-8B1F-3807983CEEA7}.Debug|x86.ActiveCfg = Debug|Any CPU
		{3C40F365-4754-4525-8B1F-3807983CEEA7}.Debug|x86.Build.0 = Debug|Any CPU
		{3C40F365-4754-4525-8B1F-3807983CEEA7}.Release|Any CPU.ActiveCfg = Release|Any CPU
		{3C40F365-4754-4525-8B1F-3807983CEEA7}.Release|Any CPU.Build.0 = Release|Any CPU
		{3C40F365-4754-4525-8B1F-3807983CEEA7}.Release|x64.ActiveCfg = Release|x64
		{3C40F365-4754-4525-8B1F-3807983CEEA7}.Release|x64.Build.0 = Release|x64
		{3C40F365-4754-4525-8B1F-3807983CEEA7}.Release|x86.ActiveCfg = Release|Any CPU
		{3C40F365-4754-4525-8B1F-3807983CEEA7}.Release|x86.Build.0 = Release|Any CPU
		{1039BAC6-7ED8-4601-BFFA-ADF54FFC3D0A}.Debug|Any CPU.ActiveCfg = Debug|Any CPU
		{1039BAC6-7ED8-4601-BFFA-ADF54FFC3D0A}.Debug|Any CPU.Build.0 = Debug|Any CPU
		{1039BAC6-7ED8-4601-BFFA-ADF54FFC3D0A}.Debug|x64.ActiveCfg = Debug|x64
		{1039BAC6-7ED8-4601-BFFA-ADF54FFC3D0A}.Debug|x64.Build.0 = Debug|x64
		{1039BAC6-7ED8-4601-BFFA-ADF54FFC3D0A}.Debug|x86.ActiveCfg = Debug|Any CPU
		{1039BAC6-7ED8-4601-BFFA-ADF54FFC3D0A}.Debug|x86.Build.0 = Debug|Any CPU
		{1039BAC6-7ED8-4601-BFFA-ADF54FFC3D0A}.Release|Any CPU.ActiveCfg = Release|Any CPU
		{1039BAC6-7ED8-4601-BFFA-ADF54FFC3D0A}.Release|Any CPU.Build.0 = Release|Any CPU
		{1039BAC6-7ED8-4601-BFFA-ADF54FFC3D0A}.Release|x64.ActiveCfg = Release|x64
		{1039BAC6-7ED8-4601-BFFA-ADF54FFC3D0A}.Release|x64.Build.0 = Release|x64
		{1039BAC6-7ED8-4601-BFFA-ADF54FFC3D0A}.Release|x86.ActiveCfg = Release|Any CPU
		{1039BAC6-7ED8-4601-BFFA-ADF54FFC3D0A}.Release|x86.Build.0 = Release|Any CPU
		{B1612710-D02E-402D-8933-9B27E7F98D76}.Debug|Any CPU.ActiveCfg = Debug|Any CPU
		{B1612710-D02E-402D-8933-9B27E7F98D76}.Debug|Any CPU.Build.0 = Debug|Any CPU
		{B1612710-D02E-402D-8933-9B27E7F98D76}.Debug|x64.ActiveCfg = Debug|x64
		{B1612710-D02E-402D-8933-9B27E7F98D76}.Debug|x64.Build.0 = Debug|x64
		{B1612710-D02E-402D-8933-9B27E7F98D76}.Debug|x86.ActiveCfg = Debug|Any CPU
		{B1612710-D02E-402D-8933-9B27E7F98D76}.Debug|x86.Build.0 = Debug|Any CPU
		{B1612710-D02E-402D-8933-9B27E7F98D76}.Release|Any CPU.ActiveCfg = Release|Any CPU
		{B1612710-D02E-402D-8933-9B27E7F98D76}.Release|Any CPU.Build.0 = Release|Any CPU
		{B1612710-D02E-402D-8933-9B27E7F98D76}.Release|x64.ActiveCfg = Release|x64
		{B1612710-D02E-402D-8933-9B27E7F98D76}.Release|x64.Build.0 = Release|x64
		{B1612710-D02E-402D-8933-9B27E7F98D76}.Release|x86.ActiveCfg = Release|Any CPU
		{B1612710-D02E-402D-8933-9B27E7F98D76}.Release|x86.Build.0 = Release|Any CPU
		{77BFFA3D-C3E3-4C5C-9A0B-0CEE5F1C52F7}.Debug|Any CPU.ActiveCfg = Debug|Any CPU
		{77BFFA3D-C3E3-4C5C-9A0B-0CEE5F1C52F7}.Debug|Any CPU.Build.0 = Debug|Any CPU
		{77BFFA3D-C3E3-4C5C-9A0B-0CEE5F1C52F7}.Debug|x64.ActiveCfg = Debug|x64
		{77BFFA3D-C3E3-4C5C-9A0B-0CEE5F1C52F7}.Debug|x64.Build.0 = Debug|x64
		{77BFFA3D-C3E3-4C5C-9A0B-0CEE5F1C52F7}.Debug|x86.ActiveCfg = Debug|Any CPU
		{77BFFA3D-C3E3-4C5C-9A0B-0CEE5F1C52F7}.Debug|x86.Build.0 = Debug|Any CPU
		{77BFFA3D-C3E3-4C5C-9A0B-0CEE5F1C52F7}.Release|Any CPU.ActiveCfg = Release|Any CPU
		{77BFFA3D-C3E3-4C5C-9A0B-0CEE5F1C52F7}.Release|Any CPU.Build.0 = Release|Any CPU
		{77BFFA3D-C3E3-4C5C-9A0B-0CEE5F1C52F7}.Release|x64.ActiveCfg = Release|x64
		{77BFFA3D-C3E3-4C5C-9A0B-0CEE5F1C52F7}.Release|x64.Build.0 = Release|x64
		{77BFFA3D-C3E3-4C5C-9A0B-0CEE5F1C52F7}.Release|x86.ActiveCfg = Release|Any CPU
		{77BFFA3D-C3E3-4C5C-9A0B-0CEE5F1C52F7}.Release|x86.Build.0 = Release|Any CPU
		{45CBBA0A-9683-44E8-952F-DC13650B8F5B}.Debug|Any CPU.ActiveCfg = Debug|Any CPU
		{45CBBA0A-9683-44E8-952F-DC13650B8F5B}.Debug|Any CPU.Build.0 = Debug|Any CPU
		{45CBBA0A-9683-44E8-952F-DC13650B8F5B}.Debug|x64.ActiveCfg = Debug|x64
		{45CBBA0A-9683-44E8-952F-DC13650B8F5B}.Debug|x64.Build.0 = Debug|x64
		{45CBBA0A-9683-44E8-952F-DC13650B8F5B}.Debug|x86.ActiveCfg = Debug|Any CPU
		{45CBBA0A-9683-44E8-952F-DC13650B8F5B}.Debug|x86.Build.0 = Debug|Any CPU
		{45CBBA0A-9683-44E8-952F-DC13650B8F5B}.Release|Any CPU.ActiveCfg = Release|Any CPU
		{45CBBA0A-9683-44E8-952F-DC13650B8F5B}.Release|Any CPU.Build.0 = Release|Any CPU
		{45CBBA0A-9683-44E8-952F-DC13650B8F5B}.Release|x64.ActiveCfg = Release|x64
		{45CBBA0A-9683-44E8-952F-DC13650B8F5B}.Release|x64.Build.0 = Release|x64
		{45CBBA0A-9683-44E8-952F-DC13650B8F5B}.Release|x86.ActiveCfg = Release|Any CPU
		{45CBBA0A-9683-44E8-952F-DC13650B8F5B}.Release|x86.Build.0 = Release|Any CPU
		{337A1E99-F5CF-4A7B-BFA3-06D50560FC45}.Debug|Any CPU.ActiveCfg = Debug|Any CPU
		{337A1E99-F5CF-4A7B-BFA3-06D50560FC45}.Debug|Any CPU.Build.0 = Debug|Any CPU
		{337A1E99-F5CF-4A7B-BFA3-06D50560FC45}.Debug|x64.ActiveCfg = Debug|x64
		{337A1E99-F5CF-4A7B-BFA3-06D50560FC45}.Debug|x64.Build.0 = Debug|x64
		{337A1E99-F5CF-4A7B-BFA3-06D50560FC45}.Debug|x86.ActiveCfg = Debug|Any CPU
		{337A1E99-F5CF-4A7B-BFA3-06D50560FC45}.Debug|x86.Build.0 = Debug|Any CPU
		{337A1E99-F5CF-4A7B-BFA3-06D50560FC45}.Release|Any CPU.ActiveCfg = Release|Any CPU
		{337A1E99-F5CF-4A7B-BFA3-06D50560FC45}.Release|Any CPU.Build.0 = Release|Any CPU
		{337A1E99-F5CF-4A7B-BFA3-06D50560FC45}.Release|x64.ActiveCfg = Release|x64
		{337A1E99-F5CF-4A7B-BFA3-06D50560FC45}.Release|x64.Build.0 = Release|x64
		{337A1E99-F5CF-4A7B-BFA3-06D50560FC45}.Release|x86.ActiveCfg = Release|Any CPU
		{337A1E99-F5CF-4A7B-BFA3-06D50560FC45}.Release|x86.Build.0 = Release|Any CPU
		{31C2D861-6D85-41FA-B22C-BBCC964D50EC}.Debug|Any CPU.ActiveCfg = Debug|Any CPU
		{31C2D861-6D85-41FA-B22C-BBCC964D50EC}.Debug|Any CPU.Build.0 = Debug|Any CPU
		{31C2D861-6D85-41FA-B22C-BBCC964D50EC}.Debug|x64.ActiveCfg = Debug|x64
		{31C2D861-6D85-41FA-B22C-BBCC964D50EC}.Debug|x64.Build.0 = Debug|x64
		{31C2D861-6D85-41FA-B22C-BBCC964D50EC}.Debug|x86.ActiveCfg = Debug|Any CPU
		{31C2D861-6D85-41FA-B22C-BBCC964D50EC}.Debug|x86.Build.0 = Debug|Any CPU
		{31C2D861-6D85-41FA-B22C-BBCC964D50EC}.Release|Any CPU.ActiveCfg = Release|Any CPU
		{31C2D861-6D85-41FA-B22C-BBCC964D50EC}.Release|Any CPU.Build.0 = Release|Any CPU
		{31C2D861-6D85-41FA-B22C-BBCC964D50EC}.Release|x64.ActiveCfg = Release|x64
		{31C2D861-6D85-41FA-B22C-BBCC964D50EC}.Release|x64.Build.0 = Release|x64
		{31C2D861-6D85-41FA-B22C-BBCC964D50EC}.Release|x86.ActiveCfg = Release|Any CPU
		{31C2D861-6D85-41FA-B22C-BBCC964D50EC}.Release|x86.Build.0 = Release|Any CPU
		{26765039-7400-475D-B0E9-195E55C932E3}.Debug|Any CPU.ActiveCfg = Debug|Any CPU
		{26765039-7400-475D-B0E9-195E55C932E3}.Debug|Any CPU.Build.0 = Debug|Any CPU
		{26765039-7400-475D-B0E9-195E55C932E3}.Debug|x64.ActiveCfg = Debug|x64
		{26765039-7400-475D-B0E9-195E55C932E3}.Debug|x64.Build.0 = Debug|x64
		{26765039-7400-475D-B0E9-195E55C932E3}.Debug|x86.ActiveCfg = Debug|Any CPU
		{26765039-7400-475D-B0E9-195E55C932E3}.Debug|x86.Build.0 = Debug|Any CPU
		{26765039-7400-475D-B0E9-195E55C932E3}.Release|Any CPU.ActiveCfg = Release|Any CPU
		{26765039-7400-475D-B0E9-195E55C932E3}.Release|Any CPU.Build.0 = Release|Any CPU
		{26765039-7400-475D-B0E9-195E55C932E3}.Release|x64.ActiveCfg = Release|x64
		{26765039-7400-475D-B0E9-195E55C932E3}.Release|x64.Build.0 = Release|x64
		{26765039-7400-475D-B0E9-195E55C932E3}.Release|x86.ActiveCfg = Release|Any CPU
		{26765039-7400-475D-B0E9-195E55C932E3}.Release|x86.Build.0 = Release|Any CPU
		{AA4F5892-ABFF-469E-B30C-A49083685741}.Debug|Any CPU.ActiveCfg = Debug|Any CPU
		{AA4F5892-ABFF-469E-B30C-A49083685741}.Debug|Any CPU.Build.0 = Debug|Any CPU
		{AA4F5892-ABFF-469E-B30C-A49083685741}.Debug|x64.ActiveCfg = Debug|x64
		{AA4F5892-ABFF-469E-B30C-A49083685741}.Debug|x64.Build.0 = Debug|x64
		{AA4F5892-ABFF-469E-B30C-A49083685741}.Debug|x86.ActiveCfg = Debug|Any CPU
		{AA4F5892-ABFF-469E-B30C-A49083685741}.Debug|x86.Build.0 = Debug|Any CPU
		{AA4F5892-ABFF-469E-B30C-A49083685741}.Release|Any CPU.ActiveCfg = Release|Any CPU
		{AA4F5892-ABFF-469E-B30C-A49083685741}.Release|Any CPU.Build.0 = Release|Any CPU
		{AA4F5892-ABFF-469E-B30C-A49083685741}.Release|x64.ActiveCfg = Release|x64
		{AA4F5892-ABFF-469E-B30C-A49083685741}.Release|x64.Build.0 = Release|x64
		{AA4F5892-ABFF-469E-B30C-A49083685741}.Release|x86.ActiveCfg = Release|Any CPU
		{AA4F5892-ABFF-469E-B30C-A49083685741}.Release|x86.Build.0 = Release|Any CPU
		{1C2A8936-2922-4261-8F0A-076193E70827}.Debug|Any CPU.ActiveCfg = Debug|Any CPU
		{1C2A8936-2922-4261-8F0A-076193E70827}.Debug|Any CPU.Build.0 = Debug|Any CPU
		{1C2A8936-2922-4261-8F0A-076193E70827}.Debug|x64.ActiveCfg = Debug|x64
		{1C2A8936-2922-4261-8F0A-076193E70827}.Debug|x64.Build.0 = Debug|x64
		{1C2A8936-2922-4261-8F0A-076193E70827}.Debug|x86.ActiveCfg = Debug|Any CPU
		{1C2A8936-2922-4261-8F0A-076193E70827}.Debug|x86.Build.0 = Debug|Any CPU
		{1C2A8936-2922-4261-8F0A-076193E70827}.Release|Any CPU.ActiveCfg = Release|Any CPU
		{1C2A8936-2922-4261-8F0A-076193E70827}.Release|Any CPU.Build.0 = Release|Any CPU
		{1C2A8936-2922-4261-8F0A-076193E70827}.Release|x64.ActiveCfg = Release|x64
		{1C2A8936-2922-4261-8F0A-076193E70827}.Release|x64.Build.0 = Release|x64
		{1C2A8936-2922-4261-8F0A-076193E70827}.Release|x86.ActiveCfg = Release|Any CPU
		{1C2A8936-2922-4261-8F0A-076193E70827}.Release|x86.Build.0 = Release|Any CPU
		{7EEEFCBC-CEEE-4440-BB81-8470C7B4EF79}.Debug|Any CPU.ActiveCfg = Debug|x64
		{7EEEFCBC-CEEE-4440-BB81-8470C7B4EF79}.Debug|Any CPU.Build.0 = Debug|x64
		{7EEEFCBC-CEEE-4440-BB81-8470C7B4EF79}.Debug|x64.ActiveCfg = Debug|x64
		{7EEEFCBC-CEEE-4440-BB81-8470C7B4EF79}.Debug|x64.Build.0 = Debug|x64
		{7EEEFCBC-CEEE-4440-BB81-8470C7B4EF79}.Debug|x86.ActiveCfg = Debug|Win32
		{7EEEFCBC-CEEE-4440-BB81-8470C7B4EF79}.Debug|x86.Build.0 = Debug|Win32
		{7EEEFCBC-CEEE-4440-BB81-8470C7B4EF79}.Release|Any CPU.ActiveCfg = Release|x64
		{7EEEFCBC-CEEE-4440-BB81-8470C7B4EF79}.Release|Any CPU.Build.0 = Release|x64
		{7EEEFCBC-CEEE-4440-BB81-8470C7B4EF79}.Release|x64.ActiveCfg = Release|x64
		{7EEEFCBC-CEEE-4440-BB81-8470C7B4EF79}.Release|x64.Build.0 = Release|x64
		{7EEEFCBC-CEEE-4440-BB81-8470C7B4EF79}.Release|x86.ActiveCfg = Release|Win32
		{7EEEFCBC-CEEE-4440-BB81-8470C7B4EF79}.Release|x86.Build.0 = Release|Win32
		{56E63E2D-7316-42A9-8F94-11E1ACD0DE94}.Debug|Any CPU.ActiveCfg = Debug|Any CPU
		{56E63E2D-7316-42A9-8F94-11E1ACD0DE94}.Debug|Any CPU.Build.0 = Debug|Any CPU
		{56E63E2D-7316-42A9-8F94-11E1ACD0DE94}.Debug|x64.ActiveCfg = Debug|x64
		{56E63E2D-7316-42A9-8F94-11E1ACD0DE94}.Debug|x64.Build.0 = Debug|x64
		{56E63E2D-7316-42A9-8F94-11E1ACD0DE94}.Debug|x86.ActiveCfg = Debug|Any CPU
		{56E63E2D-7316-42A9-8F94-11E1ACD0DE94}.Debug|x86.Build.0 = Debug|Any CPU
		{56E63E2D-7316-42A9-8F94-11E1ACD0DE94}.Release|Any CPU.ActiveCfg = Release|Any CPU
		{56E63E2D-7316-42A9-8F94-11E1ACD0DE94}.Release|Any CPU.Build.0 = Release|Any CPU
		{56E63E2D-7316-42A9-8F94-11E1ACD0DE94}.Release|x64.ActiveCfg = Release|x64
		{56E63E2D-7316-42A9-8F94-11E1ACD0DE94}.Release|x64.Build.0 = Release|x64
		{56E63E2D-7316-42A9-8F94-11E1ACD0DE94}.Release|x86.ActiveCfg = Release|Any CPU
		{56E63E2D-7316-42A9-8F94-11E1ACD0DE94}.Release|x86.Build.0 = Release|Any CPU
		{4B01F1FA-1AC3-4E2B-8D6F-9BB666EFCA9E}.Debug|Any CPU.ActiveCfg = Debug|Any CPU
		{4B01F1FA-1AC3-4E2B-8D6F-9BB666EFCA9E}.Debug|Any CPU.Build.0 = Debug|Any CPU
		{4B01F1FA-1AC3-4E2B-8D6F-9BB666EFCA9E}.Debug|x64.ActiveCfg = Debug|Any CPU
		{4B01F1FA-1AC3-4E2B-8D6F-9BB666EFCA9E}.Debug|x64.Build.0 = Debug|Any CPU
		{4B01F1FA-1AC3-4E2B-8D6F-9BB666EFCA9E}.Debug|x86.ActiveCfg = Debug|Any CPU
		{4B01F1FA-1AC3-4E2B-8D6F-9BB666EFCA9E}.Debug|x86.Build.0 = Debug|Any CPU
		{4B01F1FA-1AC3-4E2B-8D6F-9BB666EFCA9E}.Release|Any CPU.ActiveCfg = Release|Any CPU
		{4B01F1FA-1AC3-4E2B-8D6F-9BB666EFCA9E}.Release|Any CPU.Build.0 = Release|Any CPU
		{4B01F1FA-1AC3-4E2B-8D6F-9BB666EFCA9E}.Release|x64.ActiveCfg = Release|Any CPU
		{4B01F1FA-1AC3-4E2B-8D6F-9BB666EFCA9E}.Release|x64.Build.0 = Release|Any CPU
		{4B01F1FA-1AC3-4E2B-8D6F-9BB666EFCA9E}.Release|x86.ActiveCfg = Release|Any CPU
		{4B01F1FA-1AC3-4E2B-8D6F-9BB666EFCA9E}.Release|x86.Build.0 = Release|Any CPU
		{CA57C534-7594-40A0-A2F3-39836525724C}.Debug|Any CPU.ActiveCfg = Debug|x64
		{CA57C534-7594-40A0-A2F3-39836525724C}.Debug|Any CPU.Build.0 = Debug|x64
		{CA57C534-7594-40A0-A2F3-39836525724C}.Debug|x64.ActiveCfg = Debug|x64
		{CA57C534-7594-40A0-A2F3-39836525724C}.Debug|x64.Build.0 = Debug|x64
		{CA57C534-7594-40A0-A2F3-39836525724C}.Debug|x86.ActiveCfg = Debug|Win32
		{CA57C534-7594-40A0-A2F3-39836525724C}.Debug|x86.Build.0 = Debug|Win32
		{CA57C534-7594-40A0-A2F3-39836525724C}.Release|Any CPU.ActiveCfg = Release|x64
		{CA57C534-7594-40A0-A2F3-39836525724C}.Release|Any CPU.Build.0 = Release|x64
		{CA57C534-7594-40A0-A2F3-39836525724C}.Release|x64.ActiveCfg = Release|x64
		{CA57C534-7594-40A0-A2F3-39836525724C}.Release|x64.Build.0 = Release|x64
		{CA57C534-7594-40A0-A2F3-39836525724C}.Release|x86.ActiveCfg = Release|Win32
		{CA57C534-7594-40A0-A2F3-39836525724C}.Release|x86.Build.0 = Release|Win32
		{B6541260-F5CE-4FEA-84C5-3CAD98814F91}.Debug|Any CPU.ActiveCfg = Debug|Any CPU
		{B6541260-F5CE-4FEA-84C5-3CAD98814F91}.Debug|Any CPU.Build.0 = Debug|Any CPU
		{B6541260-F5CE-4FEA-84C5-3CAD98814F91}.Debug|x64.ActiveCfg = Debug|Any CPU
		{B6541260-F5CE-4FEA-84C5-3CAD98814F91}.Debug|x64.Build.0 = Debug|Any CPU
		{B6541260-F5CE-4FEA-84C5-3CAD98814F91}.Debug|x86.ActiveCfg = Debug|Any CPU
		{B6541260-F5CE-4FEA-84C5-3CAD98814F91}.Debug|x86.Build.0 = Debug|Any CPU
		{B6541260-F5CE-4FEA-84C5-3CAD98814F91}.Release|Any CPU.ActiveCfg = Release|Any CPU
		{B6541260-F5CE-4FEA-84C5-3CAD98814F91}.Release|Any CPU.Build.0 = Release|Any CPU
		{B6541260-F5CE-4FEA-84C5-3CAD98814F91}.Release|x64.ActiveCfg = Release|Any CPU
		{B6541260-F5CE-4FEA-84C5-3CAD98814F91}.Release|x64.Build.0 = Release|Any CPU
		{B6541260-F5CE-4FEA-84C5-3CAD98814F91}.Release|x86.ActiveCfg = Release|Any CPU
		{B6541260-F5CE-4FEA-84C5-3CAD98814F91}.Release|x86.Build.0 = Release|Any CPU
		{34A84216-9B9E-4372-AE1E-5B95C986B1DB}.Debug|Any CPU.ActiveCfg = Debug|Win32
		{34A84216-9B9E-4372-AE1E-5B95C986B1DB}.Debug|Any CPU.Build.0 = Debug|Win32
		{34A84216-9B9E-4372-AE1E-5B95C986B1DB}.Debug|x64.ActiveCfg = Debug|Win32
		{34A84216-9B9E-4372-AE1E-5B95C986B1DB}.Debug|x64.Build.0 = Debug|Win32
		{34A84216-9B9E-4372-AE1E-5B95C986B1DB}.Debug|x86.ActiveCfg = Debug|Win32
		{34A84216-9B9E-4372-AE1E-5B95C986B1DB}.Debug|x86.Build.0 = Debug|Win32
		{34A84216-9B9E-4372-AE1E-5B95C986B1DB}.Release|Any CPU.ActiveCfg = Release|Win32
		{34A84216-9B9E-4372-AE1E-5B95C986B1DB}.Release|Any CPU.Build.0 = Release|Win32
		{34A84216-9B9E-4372-AE1E-5B95C986B1DB}.Release|x64.ActiveCfg = Release|Win32
		{34A84216-9B9E-4372-AE1E-5B95C986B1DB}.Release|x64.Build.0 = Release|Win32
		{34A84216-9B9E-4372-AE1E-5B95C986B1DB}.Release|x86.ActiveCfg = Release|Win32
		{34A84216-9B9E-4372-AE1E-5B95C986B1DB}.Release|x86.Build.0 = Release|Win32
		{3C5EA739-1CBA-4876-9602-1B75A29F3269}.Debug|Any CPU.ActiveCfg = Debug|Any CPU
		{3C5EA739-1CBA-4876-9602-1B75A29F3269}.Debug|Any CPU.Build.0 = Debug|Any CPU
		{3C5EA739-1CBA-4876-9602-1B75A29F3269}.Debug|x64.ActiveCfg = Debug|x64
		{3C5EA739-1CBA-4876-9602-1B75A29F3269}.Debug|x64.Build.0 = Debug|x64
		{3C5EA739-1CBA-4876-9602-1B75A29F3269}.Debug|x86.ActiveCfg = Debug|Any CPU
		{3C5EA739-1CBA-4876-9602-1B75A29F3269}.Debug|x86.Build.0 = Debug|Any CPU
		{3C5EA739-1CBA-4876-9602-1B75A29F3269}.Release|Any CPU.ActiveCfg = Release|Any CPU
		{3C5EA739-1CBA-4876-9602-1B75A29F3269}.Release|Any CPU.Build.0 = Release|Any CPU
		{3C5EA739-1CBA-4876-9602-1B75A29F3269}.Release|x64.ActiveCfg = Release|x64
		{3C5EA739-1CBA-4876-9602-1B75A29F3269}.Release|x64.Build.0 = Release|x64
		{3C5EA739-1CBA-4876-9602-1B75A29F3269}.Release|x86.ActiveCfg = Release|Any CPU
		{3C5EA739-1CBA-4876-9602-1B75A29F3269}.Release|x86.Build.0 = Release|Any CPU
		{7311D651-7877-4421-A50F-681DF2489746}.Debug|Any CPU.ActiveCfg = Debug|x64
		{7311D651-7877-4421-A50F-681DF2489746}.Debug|Any CPU.Build.0 = Debug|x64
		{7311D651-7877-4421-A50F-681DF2489746}.Debug|x64.ActiveCfg = Debug|x64
		{7311D651-7877-4421-A50F-681DF2489746}.Debug|x64.Build.0 = Debug|x64
		{7311D651-7877-4421-A50F-681DF2489746}.Debug|x86.ActiveCfg = Debug|Win32
		{7311D651-7877-4421-A50F-681DF2489746}.Debug|x86.Build.0 = Debug|Win32
		{7311D651-7877-4421-A50F-681DF2489746}.Release|Any CPU.ActiveCfg = Release|x64
		{7311D651-7877-4421-A50F-681DF2489746}.Release|Any CPU.Build.0 = Release|x64
		{7311D651-7877-4421-A50F-681DF2489746}.Release|x64.ActiveCfg = Release|x64
		{7311D651-7877-4421-A50F-681DF2489746}.Release|x64.Build.0 = Release|x64
		{7311D651-7877-4421-A50F-681DF2489746}.Release|x86.ActiveCfg = Release|Win32
		{7311D651-7877-4421-A50F-681DF2489746}.Release|x86.Build.0 = Release|Win32
	EndGlobalSection
	GlobalSection(SolutionProperties) = preSolution
		HideSolutionNode = FALSE
	EndGlobalSection
	GlobalSection(ExtensibilityGlobals) = postSolution
		SolutionGuid = {9251A986-AFAA-4D1B-A409-17558DCAD1E8}
	EndGlobalSection
EndGlobal
