<?xml version="1.0" encoding="utf-8"?>
<Project ToolsVersion="4.0" xmlns="http://schemas.microsoft.com/developer/msbuild/2003">
  <ItemGroup>
    <Filter Include="Source Files">
      <UniqueIdentifier>{4FC737F1-C7A5-4376-A066-2A32D752A2FF}</UniqueIdentifier>
      <Extensions>cpp;c;cc;cxx;c++;cppm;ixx;def;odl;idl;hpj;bat;asm;asmx</Extensions>
    </Filter>
    <Filter Include="Header Files">
      <UniqueIdentifier>{93995380-89BD-4b04-88EB-625FBE52EBFB}</UniqueIdentifier>
      <Extensions>h;hh;hpp;hxx;h++;hm;inl;inc;ipp;xsd</Extensions>
    </Filter>
    <Filter Include="Resource Files">
      <UniqueIdentifier>{67DA6AB6-F800-4c08-8B7A-83BB121AAD01}</UniqueIdentifier>
      <Extensions>rc;ico;cur;bmp;dlg;rc2;rct;bin;rgs;gif;jpg;jpeg;jpe;resx;tiff;tif;png;wav;mfcribbon-ms</Extensions>
    </Filter>
    <Filter Include="Source Files\Tree">
      <UniqueIdentifier>{078197ee-2720-4db3-9307-fd44ec5b69ab}</UniqueIdentifier>
    </Filter>
  </ItemGroup>
  <ItemGroup>
    <ClCompile Include="PatternXPRE\patternxp\PatEd.cpp">
      <Filter>Source Files</Filter>
    </ClCompile>
    <ClCompile Include="PatternXPRE\patternxp\ActionStack.cpp">
      <Filter>Source Files</Filter>
    </ClCompile>
    <ClCompile Include="PatternXPRE\patternxp\App.cpp">
      <Filter>Source Files</Filter>
    </ClCompile>
    <ClCompile Include="PatternXPRE\patternxp\ColumnDialog.cpp">
      <Filter>Source Files</Filter>
    </ClCompile>
    <ClCompile Include="PatternXPRE\patternxp\ScrollWnd.cpp">
      <Filter>Source Files</Filter>
    </ClCompile>
    <ClCompile Include="PatternXPRE\patternxp\tree\XHtmlTree.cpp">
      <Filter>Source Files\Tree</Filter>
    </ClCompile>
    <ClCompile Include="PatternXPRE\patternxp\EditorWnd.cpp">
      <Filter>Source Files</Filter>
    </ClCompile>
    <ClCompile Include="PatternXPRE\patternxp\EmptyWnd.cpp">
      <Filter>Source Files</Filter>
    </ClCompile>
    <ClCompile Include="PatternXPRE\patternxp\RowNumWnd.cpp">
      <Filter>Source Files</Filter>
    </ClCompile>
    <ClCompile Include="PatternXPRE\patternxp\TopWnd.cpp">
      <Filter>Source Files</Filter>
    </ClCompile>
    <ClCompile Include="PatternXPRE\patternxp\ToolBar2.cpp">
      <Filter>Source Files</Filter>
    </ClCompile>
    <ClCompile Include="PatternXPRE\patternxp\tree\CreateCheckboxImageList.cpp">
      <Filter>Source Files\Tree</Filter>
    </ClCompile>
    <ClCompile Include="PatternXPRE\patternxp\tree\VisualStylesXP.cpp">
      <Filter>Source Files\Tree</Filter>
    </ClCompile>
    <ClCompile Include="PatternXPRE\patternxp\FuBar.cpp">
      <Filter>Source Files</Filter>
    </ClCompile>
    <ClCompile Include="ReBuzzPatternXP.cpp">
      <Filter>Source Files</Filter>
    </ClCompile>
    <ClCompile Include="PatternXPRE\Buzz\XMemDC.cpp">
      <Filter>Source Files</Filter>
    </ClCompile>
  </ItemGroup>
  <ItemGroup>
    <ClInclude Include="PatternXPRE\patternxp\ActionStack.h">
      <Filter>Header Files</Filter>
    </ClInclude>
    <ClInclude Include="PatternXPRE\patternxp\App.h">
      <Filter>Header Files</Filter>
    </ClInclude>
    <ClInclude Include="PatternXPRE\patternxp\ColumnDialog.h">
      <Filter>Header Files</Filter>
    </ClInclude>
    <ClInclude Include="PatternXPRE\patternxp\CursorPos.h">
      <Filter>Header Files</Filter>
    </ClInclude>
    <ClInclude Include="PatternXPRE\patternxp\EditorWnd.h">
      <Filter>Header Files</Filter>
    </ClInclude>
    <ClInclude Include="PatternXPRE\patternxp\EmptyWnd.h">
      <Filter>Header Files</Filter>
    </ClInclude>
    <ClInclude Include="PatternXPRE\patternxp\FuBar.h">
      <Filter>Header Files</Filter>
    </ClInclude>
    <ClInclude Include="PatternXPRE\patternxp\ImageList.h">
      <Filter>Header Files</Filter>
    </ClInclude>
    <ClInclude Include="PatternXPRE\patternxp\MachinePattern.h">
      <Filter>Header Files</Filter>
    </ClInclude>
    <ClInclude Include="PatternXPRE\patternxp\PatEd.h">
      <Filter>Header Files</Filter>
    </ClInclude>
    <ClInclude Include="PatternXPRE\patternxp\PatEdClipboard.h">
      <Filter>Header Files</Filter>
    </ClInclude>
    <ClInclude Include="PatternXPRE\patternxp\resource.h">
      <Filter>Header Files</Filter>
    </ClInclude>
    <ClInclude Include="PatternXPRE\patternxp\RowNumWnd.h">
      <Filter>Header Files</Filter>
    </ClInclude>
    <ClInclude Include="PatternXPRE\patternxp\ScrollWnd.h">
      <Filter>Header Files</Filter>
    </ClInclude>
    <ClInclude Include="PatternXPRE\patternxp\stdafx.h">
      <Filter>Header Files</Filter>
    </ClInclude>
    <ClInclude Include="PatternXPRE\patternxp\ToolBar2.h">
      <Filter>Header Files</Filter>
    </ClInclude>
    <ClInclude Include="PatternXPRE\patternxp\TopWnd.h">
      <Filter>Header Files</Filter>
    </ClInclude>
    <ClInclude Include="ReBuzzPatternXP.h">
      <Filter>Header Files</Filter>
    </ClInclude>
  </ItemGroup>
  <ItemGroup>
    <ResourceCompile Include="PatternXPRE\patternxp\PatternXP.rc">
      <Filter>Source Files</Filter>
    </ResourceCompile>
  </ItemGroup>
  <ItemGroup>
    <Image Include="PatternXPRE\patternxp\toolbar1.bmp">
      <Filter>Resource Files</Filter>
    </Image>
    <Image Include="PatternXPRE\patternxp\treeimages.bmp">
      <Filter>Resource Files</Filter>
    </Image>
    <Image Include="PatternXPRE\patternxp\toolbar24.bmp">
      <Filter>Resource Files</Filter>
    </Image>
  </ItemGroup>
</Project>